// !$*UTF8*$!
{
	archiveVersion = 1;
	classes = {
	};
	objectVersion = 46;
	objects = {

/* Begin PBXBuildFile section */
		D18663A115F109BE0098E8AD /* UIKit.framework in Frameworks */ = {isa = PBXBuildFile; fileRef = D18663A015F109BE0098E8AD /* UIKit.framework */; };
		D18663A315F109BE0098E8AD /* Foundation.framework in Frameworks */ = {isa = PBXBuildFile; fileRef = D18663A215F109BE0098E8AD /* Foundation.framework */; };
		D18663A515F109BE0098E8AD /* CoreGraphics.framework in Frameworks */ = {isa = PBXBuildFile; fileRef = D18663A415F109BE0098E8AD /* CoreGraphics.framework */; };
		D18663AB15F109BE0098E8AD /* InfoPlist.strings in Resources */ = {isa = PBXBuildFile; fileRef = D18663A915F109BE0098E8AD /* InfoPlist.strings */; };
		D18663AD15F109BE0098E8AD /* main.m in Sources */ = {isa = PBXBuildFile; fileRef = D18663AC15F109BE0098E8AD /* main.m */; };
		D18663B115F109BE0098E8AD /* AppDelegate.m in Sources */ = {isa = PBXBuildFile; fileRef = D18663B015F109BE0098E8AD /* AppDelegate.m */; };
		D18663B415F109BE0098E8AD /* MainStoryboard_iPhone.storyboard in Resources */ = {isa = PBXBuildFile; fileRef = D18663B215F109BE0098E8AD /* MainStoryboard_iPhone.storyboard */; };
		D18663B715F109BE0098E8AD /* MainStoryboard_iPad.storyboard in Resources */ = {isa = PBXBuildFile; fileRef = D18663B515F109BE0098E8AD /* MainStoryboard_iPad.storyboard */; };
		D18663BA15F109BE0098E8AD /* ViewController.m in Sources */ = {isa = PBXBuildFile; fileRef = D18663B915F109BE0098E8AD /* ViewController.m */; };
		D18663C115F10C130098E8AD /* ic_launcher_card_games.png in Resources */ = {isa = PBXBuildFile; fileRef = D18663C015F10C130098E8AD /* ic_launcher_card_games.png */; };
		D1CAA23C15FD066900549EF7 /* wooden_top.jpg in Resources */ = {isa = PBXBuildFile; fileRef = D1CAA23B15FD066900549EF7 /* wooden_top.jpg */; };
		D1CAA23F15FD0D3300549EF7 /* PlayViewController.m in Sources */ = {isa = PBXBuildFile; fileRef = D1CAA23E15FD0D3300549EF7 /* PlayViewController.m */; };
/* End PBXBuildFile section */

/* Begin PBXFileReference section */
		D186639C15F109BE0098E8AD /* CardGames.app */ = {isa = PBXFileReference; explicitFileType = wrapper.application; includeInIndex = 0; path = CardGames.app; sourceTree = BUILT_PRODUCTS_DIR; };
		D18663A015F109BE0098E8AD /* UIKit.framework */ = {isa = PBXFileReference; lastKnownFileType = wrapper.framework; name = UIKit.framework; path = System/Library/Frameworks/UIKit.framework; sourceTree = SDKROOT; };
		D18663A215F109BE0098E8AD /* Foundation.framework */ = {isa = PBXFileReference; lastKnownFileType = wrapper.framework; name = Foundation.framework; path = System/Library/Frameworks/Foundation.framework; sourceTree = SDKROOT; };
		D18663A415F109BE0098E8AD /* CoreGraphics.framework */ = {isa = PBXFileReference; lastKnownFileType = wrapper.framework; name = CoreGraphics.framework; path = System/Library/Frameworks/CoreGraphics.framework; sourceTree = SDKROOT; };
		D18663A815F109BE0098E8AD /* CardGames-Info.plist */ = {isa = PBXFileReference; lastKnownFileType = text.plist.xml; path = "CardGames-Info.plist"; sourceTree = "<group>"; };
		D18663AA15F109BE0098E8AD /* en */ = {isa = PBXFileReference; lastKnownFileType = text.plist.strings; name = en; path = en.lproj/InfoPlist.strings; sourceTree = "<group>"; };
		D18663AC15F109BE0098E8AD /* main.m */ = {isa = PBXFileReference; lastKnownFileType = sourcecode.c.objc; path = main.m; sourceTree = "<group>"; };
		D18663AE15F109BE0098E8AD /* CardGames-Prefix.pch */ = {isa = PBXFileReference; lastKnownFileType = sourcecode.c.h; path = "CardGames-Prefix.pch"; sourceTree = "<group>"; };
		D18663AF15F109BE0098E8AD /* AppDelegate.h */ = {isa = PBXFileReference; lastKnownFileType = sourcecode.c.h; path = AppDelegate.h; sourceTree = "<group>"; };
		D18663B015F109BE0098E8AD /* AppDelegate.m */ = {isa = PBXFileReference; lastKnownFileType = sourcecode.c.objc; path = AppDelegate.m; sourceTree = "<group>"; };
		D18663B315F109BE0098E8AD /* en */ = {isa = PBXFileReference; lastKnownFileType = file.storyboard; name = en; path = en.lproj/MainStoryboard_iPhone.storyboard; sourceTree = "<group>"; };
		D18663B615F109BE0098E8AD /* en */ = {isa = PBXFileReference; lastKnownFileType = file.storyboard; name = en; path = en.lproj/MainStoryboard_iPad.storyboard; sourceTree = "<group>"; };
		D18663B815F109BE0098E8AD /* ViewController.h */ = {isa = PBXFileReference; lastKnownFileType = sourcecode.c.h; path = ViewController.h; sourceTree = "<group>"; };
		D18663B915F109BE0098E8AD /* ViewController.m */ = {isa = PBXFileReference; lastKnownFileType = sourcecode.c.objc; path = ViewController.m; sourceTree = "<group>"; };
		D18663C015F10C130098E8AD /* ic_launcher_card_games.png */ = {isa = PBXFileReference; lastKnownFileType = image.png; path = ic_launcher_card_games.png; sourceTree = "<group>"; };
		D1CAA23515FD034600549EF7 /* hammersmithone.ttf */ = {isa = PBXFileReference; lastKnownFileType = file; path = hammersmithone.ttf; sourceTree = "<group>"; };
		D1CAA23B15FD066900549EF7 /* wooden_top.jpg */ = {isa = PBXFileReference; lastKnownFileType = image.jpeg; path = wooden_top.jpg; sourceTree = "<group>"; };
		D1CAA23D15FD0D3300549EF7 /* PlayViewController.h */ = {isa = PBXFileReference; fileEncoding = 4; lastKnownFileType = sourcecode.c.h; path = PlayViewController.h; sourceTree = "<group>"; };
		D1CAA23E15FD0D3300549EF7 /* PlayViewController.m */ = {isa = PBXFileReference; fileEncoding = 4; lastKnownFileType = sourcecode.c.objc; path = PlayViewController.m; sourceTree = "<group>"; };
/* End PBXFileReference section */

/* Begin PBXFrameworksBuildPhase section */
		D186639915F109BE0098E8AD /* Frameworks */ = {
			isa = PBXFrameworksBuildPhase;
			buildActionMask = 2147483647;
			files = (
				D18663A115F109BE0098E8AD /* UIKit.framework in Frameworks */,
				D18663A315F109BE0098E8AD /* Foundation.framework in Frameworks */,
				D18663A515F109BE0098E8AD /* CoreGraphics.framework in Frameworks */,
			);
			runOnlyForDeploymentPostprocessing = 0;
		};
/* End PBXFrameworksBuildPhase section */

/* Begin PBXGroup section */
		D186639115F109BE0098E8AD = {
			isa = PBXGroup;
			children = (
				D1CAA23515FD034600549EF7 /* hammersmithone.ttf */,
				D1CAA23315FD033900549EF7 /* Resources */,
				D18663A615F109BE0098E8AD /* CardGames */,
				D186639F15F109BE0098E8AD /* Frameworks */,
				D186639D15F109BE0098E8AD /* Products */,
			);
			sourceTree = "<group>";
		};
		D186639D15F109BE0098E8AD /* Products */ = {
			isa = PBXGroup;
			children = (
				D186639C15F109BE0098E8AD /* CardGames.app */,
			);
			name = Products;
			sourceTree = "<group>";
		};
		D186639F15F109BE0098E8AD /* Frameworks */ = {
			isa = PBXGroup;
			children = (
				D18663A015F109BE0098E8AD /* UIKit.framework */,
				D18663A215F109BE0098E8AD /* Foundation.framework */,
				D18663A415F109BE0098E8AD /* CoreGraphics.framework */,
			);
			name = Frameworks;
			sourceTree = "<group>";
		};
		D18663A615F109BE0098E8AD /* CardGames */ = {
			isa = PBXGroup;
			children = (
				D18663AF15F109BE0098E8AD /* AppDelegate.h */,
				D18663B015F109BE0098E8AD /* AppDelegate.m */,
				D18663B215F109BE0098E8AD /* MainStoryboard_iPhone.storyboard */,
				D18663B515F109BE0098E8AD /* MainStoryboard_iPad.storyboard */,
				D1CAA23D15FD0D3300549EF7 /* PlayViewController.h */,
				D1CAA23E15FD0D3300549EF7 /* PlayViewController.m */,
				D18663B815F109BE0098E8AD /* ViewController.h */,
				D18663B915F109BE0098E8AD /* ViewController.m */,
				D18663A715F109BE0098E8AD /* Supporting Files */,
			);
			path = CardGames;
			sourceTree = "<group>";
		};
		D18663A715F109BE0098E8AD /* Supporting Files */ = {
			isa = PBXGroup;
			children = (
				D18663A815F109BE0098E8AD /* CardGames-Info.plist */,
				D18663A915F109BE0098E8AD /* InfoPlist.strings */,
				D18663AC15F109BE0098E8AD /* main.m */,
				D18663AE15F109BE0098E8AD /* CardGames-Prefix.pch */,
			);
			name = "Supporting Files";
			sourceTree = "<group>";
		};
		D1CAA23315FD033900549EF7 /* Resources */ = {
			isa = PBXGroup;
			children = (
				D1CAA23B15FD066900549EF7 /* wooden_top.jpg */,
				D18663C015F10C130098E8AD /* ic_launcher_card_games.png */,
			);
			name = Resources;
			sourceTree = "<group>";
		};
/* End PBXGroup section */

/* Begin PBXNativeTarget section */
		D186639B15F109BE0098E8AD /* CardGames */ = {
			isa = PBXNativeTarget;
			buildConfigurationList = D18663BD15F109BE0098E8AD /* Build configuration list for PBXNativeTarget "CardGames" */;
			buildPhases = (
				D186639815F109BE0098E8AD /* Sources */,
				D186639915F109BE0098E8AD /* Frameworks */,
				D186639A15F109BE0098E8AD /* Resources */,
			);
			buildRules = (
			);
			dependencies = (
			);
			name = CardGames;
			productName = CardGames;
			productReference = D186639C15F109BE0098E8AD /* CardGames.app */;
			productType = "com.apple.product-type.application";
		};
/* End PBXNativeTarget section */

/* Begin PBXProject section */
		D186639315F109BE0098E8AD /* Project object */ = {
			isa = PBXProject;
			attributes = {
				LastUpgradeCheck = 0440;
				ORGANIZATIONNAME = "Brian Reber";
			};
			buildConfigurationList = D186639615F109BE0098E8AD /* Build configuration list for PBXProject "CardGames" */;
			compatibilityVersion = "Xcode 3.2";
			developmentRegion = English;
			hasScannedForEncodings = 0;
			knownRegions = (
				en,
			);
			mainGroup = D186639115F109BE0098E8AD;
			productRefGroup = D186639D15F109BE0098E8AD /* Products */;
			projectDirPath = "";
			projectRoot = "";
			targets = (
				D186639B15F109BE0098E8AD /* CardGames */,
			);
		};
/* End PBXProject section */

/* Begin PBXResourcesBuildPhase section */
		D186639A15F109BE0098E8AD /* Resources */ = {
			isa = PBXResourcesBuildPhase;
			buildActionMask = 2147483647;
			files = (
				D18663AB15F109BE0098E8AD /* InfoPlist.strings in Resources */,
				D18663B415F109BE0098E8AD /* MainStoryboard_iPhone.storyboard in Resources */,
				D18663B715F109BE0098E8AD /* MainStoryboard_iPad.storyboard in Resources */,
				D18663C115F10C130098E8AD /* ic_launcher_card_games.png in Resources */,
				D1CAA23C15FD066900549EF7 /* wooden_top.jpg in Resources */,
			);
			runOnlyForDeploymentPostprocessing = 0;
		};
/* End PBXResourcesBuildPhase section */

/* Begin PBXSourcesBuildPhase section */
		D186639815F109BE0098E8AD /* Sources */ = {
			isa = PBXSourcesBuildPhase;
			buildActionMask = 2147483647;
			files = (
				D18663AD15F109BE0098E8AD /* main.m in Sources */,
				D18663B115F109BE0098E8AD /* AppDelegate.m in Sources */,
				D18663BA15F109BE0098E8AD /* ViewController.m in Sources */,
				D1CAA23F15FD0D3300549EF7 /* PlayViewController.m in Sources */,
			);
			runOnlyForDeploymentPostprocessing = 0;
		};
/* End PBXSourcesBuildPhase section */

/* Begin PBXVariantGroup section */
		D18663A915F109BE0098E8AD /* InfoPlist.strings */ = {
			isa = PBXVariantGroup;
			children = (
				D18663AA15F109BE0098E8AD /* en */,
			);
			name = InfoPlist.strings;
			sourceTree = "<group>";
		};
		D18663B215F109BE0098E8AD /* MainStoryboard_iPhone.storyboard */ = {
			isa = PBXVariantGroup;
			children = (
				D18663B315F109BE0098E8AD /* en */,
			);
			name = MainStoryboard_iPhone.storyboard;
			sourceTree = "<group>";
		};
		D18663B515F109BE0098E8AD /* MainStoryboard_iPad.storyboard */ = {
			isa = PBXVariantGroup;
			children = (
				D18663B615F109BE0098E8AD /* en */,
			);
			name = MainStoryboard_iPad.storyboard;
			sourceTree = "<group>";
		};
/* End PBXVariantGroup section */

/* Begin XCBuildConfiguration section */
		D18663BB15F109BE0098E8AD /* Debug */ = {
			isa = XCBuildConfiguration;
			buildSettings = {
				ALWAYS_SEARCH_USER_PATHS = NO;
				ARCHS = "$(ARCHS_STANDARD_32_BIT)";
				CLANG_CXX_LANGUAGE_STANDARD = "gnu++0x";
				CLANG_ENABLE_OBJC_ARC = YES;
				CLANG_WARN__DUPLICATE_METHOD_MATCH = YES;
				"CODE_SIGN_IDENTITY[sdk=iphoneos*]" = "iPhone Developer";
				COPY_PHASE_STRIP = NO;
				GCC_C_LANGUAGE_STANDARD = gnu99;
				GCC_DYNAMIC_NO_PIC = NO;
				GCC_OPTIMIZATION_LEVEL = 0;
				GCC_PREPROCESSOR_DEFINITIONS = (
					"DEBUG=1",
					"$(inherited)",
				);
				GCC_SYMBOLS_PRIVATE_EXTERN = NO;
				GCC_VERSION = com.apple.compilers.llvm.clang.1_0;
				GCC_WARN_ABOUT_RETURN_TYPE = YES;
				GCC_WARN_UNINITIALIZED_AUTOS = YES;
				GCC_WARN_UNUSED_VARIABLE = YES;
				IPHONEOS_DEPLOYMENT_TARGET = 5.1;
				SDKROOT = iphoneos;
				TARGETED_DEVICE_FAMILY = "1,2";
			};
			name = Debug;
		};
		D18663BC15F109BE0098E8AD /* Release */ = {
			isa = XCBuildConfiguration;
			buildSettings = {
				ALWAYS_SEARCH_USER_PATHS = NO;
				ARCHS = "$(ARCHS_STANDARD_32_BIT)";
				CLANG_CXX_LANGUAGE_STANDARD = "gnu++0x";
				CLANG_ENABLE_OBJC_ARC = YES;
				CLANG_WARN__DUPLICATE_METHOD_MATCH = YES;
				"CODE_SIGN_IDENTITY[sdk=iphoneos*]" = "iPhone Developer";
				COPY_PHASE_STRIP = YES;
				GCC_C_LANGUAGE_STANDARD = gnu99;
				GCC_VERSION = com.apple.compilers.llvm.clang.1_0;
				GCC_WARN_ABOUT_RETURN_TYPE = YES;
				GCC_WARN_UNINITIALIZED_AUTOS = YES;
				GCC_WARN_UNUSED_VARIABLE = YES;
				IPHONEOS_DEPLOYMENT_TARGET = 5.1;
				OTHER_CFLAGS = "-DNS_BLOCK_ASSERTIONS=1";
				SDKROOT = iphoneos;
				TARGETED_DEVICE_FAMILY = "1,2";
				VALIDATE_PRODUCT = YES;
			};
			name = Release;
		};
		D18663BE15F109BE0098E8AD /* Debug */ = {
			isa = XCBuildConfiguration;
			buildSettings = {
				GCC_PRECOMPILE_PREFIX_HEADER = YES;
				GCC_PREFIX_HEADER = "CardGames/CardGames-Prefix.pch";
				INFOPLIST_FILE = "CardGames/CardGames-Info.plist";
				PRODUCT_NAME = "$(TARGET_NAME)";
				WRAPPER_EXTENSION = app;
			};
			name = Debug;
		};
		D18663BF15F109BE0098E8AD /* Release */ = {
			isa = XCBuildConfiguration;
			buildSettings = {
				GCC_PRECOMPILE_PREFIX_HEADER = YES;
				GCC_PREFIX_HEADER = "CardGames/CardGames-Prefix.pch";
				INFOPLIST_FILE = "CardGames/CardGames-Info.plist";
				PRODUCT_NAME = "$(TARGET_NAME)";
				WRAPPER_EXTENSION = app;
			};
			name = Release;
		};
/* End XCBuildConfiguration section */

/* Begin XCConfigurationList section */
		D186639615F109BE0098E8AD /* Build configuration list for PBXProject "CardGames" */ = {
			isa = XCConfigurationList;
			buildConfigurations = (
				D18663BB15F109BE0098E8AD /* Debug */,
				D18663BC15F109BE0098E8AD /* Release */,
			);
			defaultConfigurationIsVisible = 0;
			defaultConfigurationName = Release;
		};
		D18663BD15F109BE0098E8AD /* Build configuration list for PBXNativeTarget "CardGames" */ = {
			isa = XCConfigurationList;
			buildConfigurations = (
				D18663BE15F109BE0098E8AD /* Debug */,
				D18663BF15F109BE0098E8AD /* Release */,
			);
			defaultConfigurationIsVisible = 0;
			defaultConfigurationName = Release;
		};
/* End XCConfigurationList section */
	};
	rootObject = D186639315F109BE0098E8AD /* Project object */;
}
