// !$*UTF8*$!
{
	archiveVersion = 1;
	classes = {
	};
	objectVersion = 46;
	objects = {

/* Begin PBXBuildFile section */
		D109FFBB15E8227B000B7826 /* UIKit.framework in Frameworks */ = {isa = PBXBuildFile; fileRef = D109FFBA15E8227B000B7826 /* UIKit.framework */; };
		D109FFBD15E8227B000B7826 /* Foundation.framework in Frameworks */ = {isa = PBXBuildFile; fileRef = D109FFBC15E8227B000B7826 /* Foundation.framework */; };
		D109FFBF15E8227B000B7826 /* CoreGraphics.framework in Frameworks */ = {isa = PBXBuildFile; fileRef = D109FFBE15E8227B000B7826 /* CoreGraphics.framework */; };
		D109FFC515E8227B000B7826 /* InfoPlist.strings in Resources */ = {isa = PBXBuildFile; fileRef = D109FFC315E8227B000B7826 /* InfoPlist.strings */; };
		D109FFC715E8227B000B7826 /* main.m in Sources */ = {isa = PBXBuildFile; fileRef = D109FFC615E8227B000B7826 /* main.m */; };
		D109FFCB15E8227B000B7826 /* AppDelegate.m in Sources */ = {isa = PBXBuildFile; fileRef = D109FFCA15E8227B000B7826 /* AppDelegate.m */; };
		D109FFCE15E8227B000B7826 /* MainStoryboard_iPhone.storyboard in Resources */ = {isa = PBXBuildFile; fileRef = D109FFCC15E8227B000B7826 /* MainStoryboard_iPhone.storyboard */; };
		D109FFD115E8227B000B7826 /* MainStoryboard_iPad.storyboard in Resources */ = {isa = PBXBuildFile; fileRef = D109FFCF15E8227B000B7826 /* MainStoryboard_iPad.storyboard */; };
		D109FFD415E8227B000B7826 /* ViewController.m in Sources */ = {isa = PBXBuildFile; fileRef = D109FFD315E8227B000B7826 /* ViewController.m */; };
/* End PBXBuildFile section */

/* Begin PBXFileReference section */
		D109FFB615E8227B000B7826 /* CardGames.app */ = {isa = PBXFileReference; explicitFileType = wrapper.application; includeInIndex = 0; path = CardGames.app; sourceTree = BUILT_PRODUCTS_DIR; };
		D109FFBA15E8227B000B7826 /* UIKit.framework */ = {isa = PBXFileReference; lastKnownFileType = wrapper.framework; name = UIKit.framework; path = System/Library/Frameworks/UIKit.framework; sourceTree = SDKROOT; };
		D109FFBC15E8227B000B7826 /* Foundation.framework */ = {isa = PBXFileReference; lastKnownFileType = wrapper.framework; name = Foundation.framework; path = System/Library/Frameworks/Foundation.framework; sourceTree = SDKROOT; };
		D109FFBE15E8227B000B7826 /* CoreGraphics.framework */ = {isa = PBXFileReference; lastKnownFileType = wrapper.framework; name = CoreGraphics.framework; path = System/Library/Frameworks/CoreGraphics.framework; sourceTree = SDKROOT; };
		D109FFC215E8227B000B7826 /* CardGames-Info.plist */ = {isa = PBXFileReference; lastKnownFileType = text.plist.xml; path = "CardGames-Info.plist"; sourceTree = "<group>"; };
		D109FFC415E8227B000B7826 /* en */ = {isa = PBXFileReference; lastKnownFileType = text.plist.strings; name = en; path = en.lproj/InfoPlist.strings; sourceTree = "<group>"; };
		D109FFC615E8227B000B7826 /* main.m */ = {isa = PBXFileReference; lastKnownFileType = sourcecode.c.objc; path = main.m; sourceTree = "<group>"; };
		D109FFC815E8227B000B7826 /* CardGames-Prefix.pch */ = {isa = PBXFileReference; lastKnownFileType = sourcecode.c.h; path = "CardGames-Prefix.pch"; sourceTree = "<group>"; };
		D109FFC915E8227B000B7826 /* AppDelegate.h */ = {isa = PBXFileReference; lastKnownFileType = sourcecode.c.h; path = AppDelegate.h; sourceTree = "<group>"; };
		D109FFCA15E8227B000B7826 /* AppDelegate.m */ = {isa = PBXFileReference; lastKnownFileType = sourcecode.c.objc; path = AppDelegate.m; sourceTree = "<group>"; };
		D109FFCD15E8227B000B7826 /* en */ = {isa = PBXFileReference; lastKnownFileType = file.storyboard; name = en; path = en.lproj/MainStoryboard_iPhone.storyboard; sourceTree = "<group>"; };
		D109FFD015E8227B000B7826 /* en */ = {isa = PBXFileReference; lastKnownFileType = file.storyboard; name = en; path = en.lproj/MainStoryboard_iPad.storyboard; sourceTree = "<group>"; };
		D109FFD215E8227B000B7826 /* ViewController.h */ = {isa = PBXFileReference; lastKnownFileType = sourcecode.c.h; path = ViewController.h; sourceTree = "<group>"; };
		D109FFD315E8227B000B7826 /* ViewController.m */ = {isa = PBXFileReference; lastKnownFileType = sourcecode.c.objc; path = ViewController.m; sourceTree = "<group>"; };
/* End PBXFileReference section */

/* Begin PBXFrameworksBuildPhase section */
		D109FFB315E8227B000B7826 /* Frameworks */ = {
			isa = PBXFrameworksBuildPhase;
			buildActionMask = 2147483647;
			files = (
				D109FFBB15E8227B000B7826 /* UIKit.framework in Frameworks */,
				D109FFBD15E8227B000B7826 /* Foundation.framework in Frameworks */,
				D109FFBF15E8227B000B7826 /* CoreGraphics.framework in Frameworks */,
			);
			runOnlyForDeploymentPostprocessing = 0;
		};
/* End PBXFrameworksBuildPhase section */

/* Begin PBXGroup section */
		D109FFAB15E8227B000B7826 = {
			isa = PBXGroup;
			children = (
				D109FFC015E8227B000B7826 /* CardGames */,
				D109FFB915E8227B000B7826 /* Frameworks */,
				D109FFB715E8227B000B7826 /* Products */,
			);
			sourceTree = "<group>";
		};
		D109FFB715E8227B000B7826 /* Products */ = {
			isa = PBXGroup;
			children = (
				D109FFB615E8227B000B7826 /* CardGames.app */,
			);
			name = Products;
			sourceTree = "<group>";
		};
		D109FFB915E8227B000B7826 /* Frameworks */ = {
			isa = PBXGroup;
			children = (
				D109FFBA15E8227B000B7826 /* UIKit.framework */,
				D109FFBC15E8227B000B7826 /* Foundation.framework */,
				D109FFBE15E8227B000B7826 /* CoreGraphics.framework */,
			);
			name = Frameworks;
			sourceTree = "<group>";
		};
		D109FFC015E8227B000B7826 /* CardGames */ = {
			isa = PBXGroup;
			children = (
				D109FFC915E8227B000B7826 /* AppDelegate.h */,
				D109FFCA15E8227B000B7826 /* AppDelegate.m */,
				D109FFCC15E8227B000B7826 /* MainStoryboard_iPhone.storyboard */,
				D109FFCF15E8227B000B7826 /* MainStoryboard_iPad.storyboard */,
				D109FFD215E8227B000B7826 /* ViewController.h */,
				D109FFD315E8227B000B7826 /* ViewController.m */,
				D109FFC115E8227B000B7826 /* Supporting Files */,
			);
			path = CardGames;
			sourceTree = "<group>";
		};
		D109FFC115E8227B000B7826 /* Supporting Files */ = {
			isa = PBXGroup;
			children = (
				D109FFC215E8227B000B7826 /* CardGames-Info.plist */,
				D109FFC315E8227B000B7826 /* InfoPlist.strings */,
				D109FFC615E8227B000B7826 /* main.m */,
				D109FFC815E8227B000B7826 /* CardGames-Prefix.pch */,
			);
			name = "Supporting Files";
			sourceTree = "<group>";
		};
/* End PBXGroup section */

/* Begin PBXNativeTarget section */
		D109FFB515E8227B000B7826 /* CardGames */ = {
			isa = PBXNativeTarget;
			buildConfigurationList = D109FFD715E8227B000B7826 /* Build configuration list for PBXNativeTarget "CardGames" */;
			buildPhases = (
				D109FFB215E8227B000B7826 /* Sources */,
				D109FFB315E8227B000B7826 /* Frameworks */,
				D109FFB415E8227B000B7826 /* Resources */,
			);
			buildRules = (
			);
			dependencies = (
			);
			name = CardGames;
			productName = CardGames;
			productReference = D109FFB615E8227B000B7826 /* CardGames.app */;
			productType = "com.apple.product-type.application";
		};
/* End PBXNativeTarget section */

/* Begin PBXProject section */
		D109FFAD15E8227B000B7826 /* Project object */ = {
			isa = PBXProject;
			attributes = {
				LastUpgradeCheck = 0440;
				ORGANIZATIONNAME = "Brian Reber";
			};
			buildConfigurationList = D109FFB015E8227B000B7826 /* Build configuration list for PBXProject "CardGames" */;
			compatibilityVersion = "Xcode 3.2";
			developmentRegion = English;
			hasScannedForEncodings = 0;
			knownRegions = (
				en,
			);
			mainGroup = D109FFAB15E8227B000B7826;
			productRefGroup = D109FFB715E8227B000B7826 /* Products */;
			projectDirPath = "";
			projectRoot = "";
			targets = (
				D109FFB515E8227B000B7826 /* CardGames */,
			);
		};
/* End PBXProject section */

/* Begin PBXResourcesBuildPhase section */
		D109FFB415E8227B000B7826 /* Resources */ = {
			isa = PBXResourcesBuildPhase;
			buildActionMask = 2147483647;
			files = (
				D109FFC515E8227B000B7826 /* InfoPlist.strings in Resources */,
				D109FFCE15E8227B000B7826 /* MainStoryboard_iPhone.storyboard in Resources */,
				D109FFD115E8227B000B7826 /* MainStoryboard_iPad.storyboard in Resources */,
			);
			runOnlyForDeploymentPostprocessing = 0;
		};
/* End PBXResourcesBuildPhase section */

/* Begin PBXSourcesBuildPhase section */
		D109FFB215E8227B000B7826 /* Sources */ = {
			isa = PBXSourcesBuildPhase;
			buildActionMask = 2147483647;
			files = (
				D109FFC715E8227B000B7826 /* main.m in Sources */,
				D109FFCB15E8227B000B7826 /* AppDelegate.m in Sources */,
				D109FFD415E8227B000B7826 /* ViewController.m in Sources */,
			);
			runOnlyForDeploymentPostprocessing = 0;
		};
/* End PBXSourcesBuildPhase section */

/* Begin PBXVariantGroup section */
		D109FFC315E8227B000B7826 /* InfoPlist.strings */ = {
			isa = PBXVariantGroup;
			children = (
				D109FFC415E8227B000B7826 /* en */,
			);
			name = InfoPlist.strings;
			sourceTree = "<group>";
		};
		D109FFCC15E8227B000B7826 /* MainStoryboard_iPhone.storyboard */ = {
			isa = PBXVariantGroup;
			children = (
				D109FFCD15E8227B000B7826 /* en */,
			);
			name = MainStoryboard_iPhone.storyboard;
			sourceTree = "<group>";
		};
		D109FFCF15E8227B000B7826 /* MainStoryboard_iPad.storyboard */ = {
			isa = PBXVariantGroup;
			children = (
				D109FFD015E8227B000B7826 /* en */,
			);
			name = MainStoryboard_iPad.storyboard;
			sourceTree = "<group>";
		};
/* End PBXVariantGroup section */

/* Begin XCBuildConfiguration section */
		D109FFD515E8227B000B7826 /* Debug */ = {
			isa = XCBuildConfiguration;
			buildSettings = {
				ALWAYS_SEARCH_USER_PATHS = NO;
				ARCHS = "$(ARCHS_STANDARD_32_BIT)";
				CLANG_CXX_LANGUAGE_STANDARD = "gnu++0x";
				CLANG_ENABLE_OBJC_ARC = YES;
				CLANG_WARN__DUPLICATE_METHOD_MATCH = YES;
				"CODE_SIGN_IDENTITY[sdk=iphoneos*]" = "iPhone Developer";
				COPY_PHASE_STRIP = NO;
				GCC_C_LANGUAGE_STANDARD = gnu99;
				GCC_DYNAMIC_NO_PIC = NO;
				GCC_OPTIMIZATION_LEVEL = 0;
				GCC_PREPROCESSOR_DEFINITIONS = (
					"DEBUG=1",
					"$(inherited)",
				);
				GCC_SYMBOLS_PRIVATE_EXTERN = NO;
				GCC_VERSION = com.apple.compilers.llvm.clang.1_0;
				GCC_WARN_ABOUT_RETURN_TYPE = YES;
				GCC_WARN_UNINITIALIZED_AUTOS = YES;
				GCC_WARN_UNUSED_VARIABLE = YES;
				IPHONEOS_DEPLOYMENT_TARGET = 5.1;
				SDKROOT = iphoneos;
				TARGETED_DEVICE_FAMILY = "1,2";
			};
			name = Debug;
		};
		D109FFD615E8227B000B7826 /* Release */ = {
			isa = XCBuildConfiguration;
			buildSettings = {
				ALWAYS_SEARCH_USER_PATHS = NO;
				ARCHS = "$(ARCHS_STANDARD_32_BIT)";
				CLANG_CXX_LANGUAGE_STANDARD = "gnu++0x";
				CLANG_ENABLE_OBJC_ARC = YES;
				CLANG_WARN__DUPLICATE_METHOD_MATCH = YES;
				"CODE_SIGN_IDENTITY[sdk=iphoneos*]" = "iPhone Developer";
				COPY_PHASE_STRIP = YES;
				GCC_C_LANGUAGE_STANDARD = gnu99;
				GCC_VERSION = com.apple.compilers.llvm.clang.1_0;
				GCC_WARN_ABOUT_RETURN_TYPE = YES;
				GCC_WARN_UNINITIALIZED_AUTOS = YES;
				GCC_WARN_UNUSED_VARIABLE = YES;
				IPHONEOS_DEPLOYMENT_TARGET = 5.1;
				OTHER_CFLAGS = "-DNS_BLOCK_ASSERTIONS=1";
				SDKROOT = iphoneos;
				TARGETED_DEVICE_FAMILY = "1,2";
				VALIDATE_PRODUCT = YES;
			};
			name = Release;
		};
		D109FFD815E8227B000B7826 /* Debug */ = {
			isa = XCBuildConfiguration;
			buildSettings = {
				GCC_PRECOMPILE_PREFIX_HEADER = YES;
				GCC_PREFIX_HEADER = "CardGames/CardGames-Prefix.pch";
				INFOPLIST_FILE = "CardGames/CardGames-Info.plist";
				PRODUCT_NAME = "$(TARGET_NAME)";
				WRAPPER_EXTENSION = app;
			};
			name = Debug;
		};
		D109FFD915E8227B000B7826 /* Release */ = {
			isa = XCBuildConfiguration;
			buildSettings = {
				GCC_PRECOMPILE_PREFIX_HEADER = YES;
				GCC_PREFIX_HEADER = "CardGames/CardGames-Prefix.pch";
				INFOPLIST_FILE = "CardGames/CardGames-Info.plist";
				PRODUCT_NAME = "$(TARGET_NAME)";
				WRAPPER_EXTENSION = app;
			};
			name = Release;
		};
/* End XCBuildConfiguration section */

/* Begin XCConfigurationList section */
		D109FFB015E8227B000B7826 /* Build configuration list for PBXProject "CardGames" */ = {
			isa = XCConfigurationList;
			buildConfigurations = (
				D109FFD515E8227B000B7826 /* Debug */,
				D109FFD615E8227B000B7826 /* Release */,
			);
			defaultConfigurationIsVisible = 0;
			defaultConfigurationName = Release;
		};
		D109FFD715E8227B000B7826 /* Build configuration list for PBXNativeTarget "CardGames" */ = {
			isa = XCConfigurationList;
			buildConfigurations = (
				D109FFD815E8227B000B7826 /* Debug */,
				D109FFD915E8227B000B7826 /* Release */,
			);
			defaultConfigurationIsVisible = 0;
		};
/* End XCConfigurationList section */
	};
	rootObject = D109FFAD15E8227B000B7826 /* Project object */;
}
