// !$*UTF8*$!
{
	archiveVersion = 1;
	classes = {
	};
	objectVersion = 46;
	objects = {

/* Begin PBXBuildFile section */
		D11F4972160CB97B00F46EE4 /* Default-568h@2x.png in Resources */ = {isa = PBXBuildFile; fileRef = D11F4971160CB97B00F46EE4 /* Default-568h@2x.png */; };
		D129F74F164B51E9006FB0BD /* UIColor+CardGamesColor.m in Sources */ = {isa = PBXBuildFile; fileRef = D129F74E164B51E9006FB0BD /* UIColor+CardGamesColor.m */; };
		D140E9A116056E6700FDC2DA /* PlayerConnectViewController.m in Sources */ = {isa = PBXBuildFile; fileRef = D140E9A016056E6700FDC2DA /* PlayerConnectViewController.m */; };
		D140E9AA1605705900FDC2DA /* CFNetwork.framework in Frameworks */ = {isa = PBXBuildFile; fileRef = D140E9A91605705900FDC2DA /* CFNetwork.framework */; };
		D140E9BD16062AB200FDC2DA /* Server.m in Sources */ = {isa = PBXBuildFile; fileRef = D140E9BB16062AB200FDC2DA /* Server.m */; };
		D18663A115F109BE0098E8AD /* UIKit.framework in Frameworks */ = {isa = PBXBuildFile; fileRef = D18663A015F109BE0098E8AD /* UIKit.framework */; };
		D18663A315F109BE0098E8AD /* Foundation.framework in Frameworks */ = {isa = PBXBuildFile; fileRef = D18663A215F109BE0098E8AD /* Foundation.framework */; };
		D18663A515F109BE0098E8AD /* CoreGraphics.framework in Frameworks */ = {isa = PBXBuildFile; fileRef = D18663A415F109BE0098E8AD /* CoreGraphics.framework */; };
		D18663AB15F109BE0098E8AD /* InfoPlist.strings in Resources */ = {isa = PBXBuildFile; fileRef = D18663A915F109BE0098E8AD /* InfoPlist.strings */; };
		D18663AD15F109BE0098E8AD /* main.m in Sources */ = {isa = PBXBuildFile; fileRef = D18663AC15F109BE0098E8AD /* main.m */; };
		D18663B115F109BE0098E8AD /* AppDelegate.m in Sources */ = {isa = PBXBuildFile; fileRef = D18663B015F109BE0098E8AD /* AppDelegate.m */; };
		D18663B415F109BE0098E8AD /* MainStoryboard_iPhone.storyboard in Resources */ = {isa = PBXBuildFile; fileRef = D18663B215F109BE0098E8AD /* MainStoryboard_iPhone.storyboard */; };
		D18663B715F109BE0098E8AD /* MainStoryboard_iPad.storyboard in Resources */ = {isa = PBXBuildFile; fileRef = D18663B515F109BE0098E8AD /* MainStoryboard_iPad.storyboard */; };
		D18663BA15F109BE0098E8AD /* ViewController.m in Sources */ = {isa = PBXBuildFile; fileRef = D18663B915F109BE0098E8AD /* ViewController.m */; };
		D1A7A52C15FEA4EF00754BD9 /* CrazyEightsRules.m in Sources */ = {isa = PBXBuildFile; fileRef = D1A7A52B15FEA4EF00754BD9 /* CrazyEightsRules.m */; };
		D1A7A53115FEC9A400754BD9 /* clubsuitimage.png in Resources */ = {isa = PBXBuildFile; fileRef = D1A7A52D15FEC9A400754BD9 /* clubsuitimage.png */; };
		D1A7A53215FEC9A400754BD9 /* diamondsuitimage.png in Resources */ = {isa = PBXBuildFile; fileRef = D1A7A52E15FEC9A400754BD9 /* diamondsuitimage.png */; };
		D1A7A53315FEC9A400754BD9 /* heartsuitimage.png in Resources */ = {isa = PBXBuildFile; fileRef = D1A7A52F15FEC9A400754BD9 /* heartsuitimage.png */; };
		D1A7A53415FEC9A400754BD9 /* spadesuitimage.png in Resources */ = {isa = PBXBuildFile; fileRef = D1A7A53015FEC9A400754BD9 /* spadesuitimage.png */; };
		D1A7A53715FECD6F00754BD9 /* ChooseSuitViewController.m in Sources */ = {isa = PBXBuildFile; fileRef = D1A7A53615FECD6F00754BD9 /* ChooseSuitViewController.m */; };
		D1A7A53A15FED05C00754BD9 /* GameResultViewController.m in Sources */ = {isa = PBXBuildFile; fileRef = D1A7A53915FED05C00754BD9 /* GameResultViewController.m */; };
		D1BC21F9164DC36D0067EFF8 /* Player.m in Sources */ = {isa = PBXBuildFile; fileRef = D1BC21F8164DC36D0067EFF8 /* Player.m */; };
		D1BC2200164DDA230067EFF8 /* RoundedButton.m in Sources */ = {isa = PBXBuildFile; fileRef = D1BC21FF164DDA220067EFF8 /* RoundedButton.m */; };
		D1BC2203164DDA610067EFF8 /* UIView+Custom.m in Sources */ = {isa = PBXBuildFile; fileRef = D1BC2202164DDA610067EFF8 /* UIView+Custom.m */; };
		D1CAA23F15FD0D3300549EF7 /* PlayViewController.m in Sources */ = {isa = PBXBuildFile; fileRef = D1CAA23E15FD0D3300549EF7 /* PlayViewController.m */; };
		D1CAA24215FD1F6D00549EF7 /* WifiConnection.m in Sources */ = {isa = PBXBuildFile; fileRef = D1CAA24115FD1F6D00549EF7 /* WifiConnection.m */; };
		D1CAA35315FD265400549EF7 /* clubs_2.png in Resources */ = {isa = PBXBuildFile; fileRef = D1CAA31D15FD265400549EF7 /* clubs_2.png */; };
		D1CAA35415FD265400549EF7 /* clubs_3.png in Resources */ = {isa = PBXBuildFile; fileRef = D1CAA31E15FD265400549EF7 /* clubs_3.png */; };
		D1CAA35515FD265400549EF7 /* clubs_4.png in Resources */ = {isa = PBXBuildFile; fileRef = D1CAA31F15FD265400549EF7 /* clubs_4.png */; };
		D1CAA35615FD265400549EF7 /* clubs_5.png in Resources */ = {isa = PBXBuildFile; fileRef = D1CAA32015FD265400549EF7 /* clubs_5.png */; };
		D1CAA35715FD265400549EF7 /* clubs_6.png in Resources */ = {isa = PBXBuildFile; fileRef = D1CAA32115FD265400549EF7 /* clubs_6.png */; };
		D1CAA35815FD265400549EF7 /* clubs_7.png in Resources */ = {isa = PBXBuildFile; fileRef = D1CAA32215FD265400549EF7 /* clubs_7.png */; };
		D1CAA35915FD265400549EF7 /* clubs_8.png in Resources */ = {isa = PBXBuildFile; fileRef = D1CAA32315FD265400549EF7 /* clubs_8.png */; };
		D1CAA35A15FD265400549EF7 /* clubs_9.png in Resources */ = {isa = PBXBuildFile; fileRef = D1CAA32415FD265400549EF7 /* clubs_9.png */; };
		D1CAA35B15FD265400549EF7 /* clubs_10.png in Resources */ = {isa = PBXBuildFile; fileRef = D1CAA32515FD265400549EF7 /* clubs_10.png */; };
		D1CAA35C15FD265400549EF7 /* clubs_a.png in Resources */ = {isa = PBXBuildFile; fileRef = D1CAA32615FD265400549EF7 /* clubs_a.png */; };
		D1CAA35D15FD265400549EF7 /* clubs_j.png in Resources */ = {isa = PBXBuildFile; fileRef = D1CAA32715FD265400549EF7 /* clubs_j.png */; };
		D1CAA35E15FD265400549EF7 /* clubs_k.png in Resources */ = {isa = PBXBuildFile; fileRef = D1CAA32815FD265400549EF7 /* clubs_k.png */; };
		D1CAA35F15FD265400549EF7 /* clubs_q.png in Resources */ = {isa = PBXBuildFile; fileRef = D1CAA32915FD265400549EF7 /* clubs_q.png */; };
		D1CAA36015FD265400549EF7 /* diamonds_2.png in Resources */ = {isa = PBXBuildFile; fileRef = D1CAA32A15FD265400549EF7 /* diamonds_2.png */; };
		D1CAA36115FD265400549EF7 /* diamonds_3.png in Resources */ = {isa = PBXBuildFile; fileRef = D1CAA32B15FD265400549EF7 /* diamonds_3.png */; };
		D1CAA36215FD265400549EF7 /* diamonds_4.png in Resources */ = {isa = PBXBuildFile; fileRef = D1CAA32C15FD265400549EF7 /* diamonds_4.png */; };
		D1CAA36315FD265400549EF7 /* diamonds_5.png in Resources */ = {isa = PBXBuildFile; fileRef = D1CAA32D15FD265400549EF7 /* diamonds_5.png */; };
		D1CAA36415FD265400549EF7 /* diamonds_6.png in Resources */ = {isa = PBXBuildFile; fileRef = D1CAA32E15FD265400549EF7 /* diamonds_6.png */; };
		D1CAA36515FD265400549EF7 /* diamonds_7.png in Resources */ = {isa = PBXBuildFile; fileRef = D1CAA32F15FD265400549EF7 /* diamonds_7.png */; };
		D1CAA36615FD265400549EF7 /* diamonds_8.png in Resources */ = {isa = PBXBuildFile; fileRef = D1CAA33015FD265400549EF7 /* diamonds_8.png */; };
		D1CAA36715FD265400549EF7 /* diamonds_9.png in Resources */ = {isa = PBXBuildFile; fileRef = D1CAA33115FD265400549EF7 /* diamonds_9.png */; };
		D1CAA36815FD265400549EF7 /* diamonds_10.png in Resources */ = {isa = PBXBuildFile; fileRef = D1CAA33215FD265400549EF7 /* diamonds_10.png */; };
		D1CAA36915FD265400549EF7 /* diamonds_a.png in Resources */ = {isa = PBXBuildFile; fileRef = D1CAA33315FD265400549EF7 /* diamonds_a.png */; };
		D1CAA36A15FD265400549EF7 /* diamonds_j.png in Resources */ = {isa = PBXBuildFile; fileRef = D1CAA33415FD265400549EF7 /* diamonds_j.png */; };
		D1CAA36B15FD265400549EF7 /* diamonds_k.png in Resources */ = {isa = PBXBuildFile; fileRef = D1CAA33515FD265400549EF7 /* diamonds_k.png */; };
		D1CAA36C15FD265400549EF7 /* diamonds_q.png in Resources */ = {isa = PBXBuildFile; fileRef = D1CAA33615FD265400549EF7 /* diamonds_q.png */; };
		D1CAA36D15FD265400549EF7 /* hearts_2.png in Resources */ = {isa = PBXBuildFile; fileRef = D1CAA33715FD265400549EF7 /* hearts_2.png */; };
		D1CAA36E15FD265400549EF7 /* hearts_3.png in Resources */ = {isa = PBXBuildFile; fileRef = D1CAA33815FD265400549EF7 /* hearts_3.png */; };
		D1CAA36F15FD265400549EF7 /* hearts_4.png in Resources */ = {isa = PBXBuildFile; fileRef = D1CAA33915FD265400549EF7 /* hearts_4.png */; };
		D1CAA37015FD265400549EF7 /* hearts_5.png in Resources */ = {isa = PBXBuildFile; fileRef = D1CAA33A15FD265400549EF7 /* hearts_5.png */; };
		D1CAA37115FD265400549EF7 /* hearts_6.png in Resources */ = {isa = PBXBuildFile; fileRef = D1CAA33B15FD265400549EF7 /* hearts_6.png */; };
		D1CAA37215FD265400549EF7 /* hearts_7.png in Resources */ = {isa = PBXBuildFile; fileRef = D1CAA33C15FD265400549EF7 /* hearts_7.png */; };
		D1CAA37315FD265400549EF7 /* hearts_8.png in Resources */ = {isa = PBXBuildFile; fileRef = D1CAA33D15FD265400549EF7 /* hearts_8.png */; };
		D1CAA37415FD265400549EF7 /* hearts_9.png in Resources */ = {isa = PBXBuildFile; fileRef = D1CAA33E15FD265400549EF7 /* hearts_9.png */; };
		D1CAA37515FD265400549EF7 /* hearts_10.png in Resources */ = {isa = PBXBuildFile; fileRef = D1CAA33F15FD265400549EF7 /* hearts_10.png */; };
		D1CAA37615FD265400549EF7 /* hearts_a.png in Resources */ = {isa = PBXBuildFile; fileRef = D1CAA34015FD265400549EF7 /* hearts_a.png */; };
		D1CAA37715FD265400549EF7 /* hearts_j.png in Resources */ = {isa = PBXBuildFile; fileRef = D1CAA34115FD265400549EF7 /* hearts_j.png */; };
		D1CAA37815FD265400549EF7 /* hearts_k.png in Resources */ = {isa = PBXBuildFile; fileRef = D1CAA34215FD265400549EF7 /* hearts_k.png */; };
		D1CAA37915FD265400549EF7 /* hearts_q.png in Resources */ = {isa = PBXBuildFile; fileRef = D1CAA34315FD265400549EF7 /* hearts_q.png */; };
		D1CAA37A15FD265400549EF7 /* joker_b.png in Resources */ = {isa = PBXBuildFile; fileRef = D1CAA34415FD265400549EF7 /* joker_b.png */; };
		D1CAA37B15FD265400549EF7 /* joker_r.png in Resources */ = {isa = PBXBuildFile; fileRef = D1CAA34515FD265400549EF7 /* joker_r.png */; };
		D1CAA37C15FD265400549EF7 /* spades_2.png in Resources */ = {isa = PBXBuildFile; fileRef = D1CAA34615FD265400549EF7 /* spades_2.png */; };
		D1CAA37D15FD265400549EF7 /* spades_3.png in Resources */ = {isa = PBXBuildFile; fileRef = D1CAA34715FD265400549EF7 /* spades_3.png */; };
		D1CAA37E15FD265400549EF7 /* spades_4.png in Resources */ = {isa = PBXBuildFile; fileRef = D1CAA34815FD265400549EF7 /* spades_4.png */; };
		D1CAA37F15FD265400549EF7 /* spades_5.png in Resources */ = {isa = PBXBuildFile; fileRef = D1CAA34915FD265400549EF7 /* spades_5.png */; };
		D1CAA38015FD265400549EF7 /* spades_6.png in Resources */ = {isa = PBXBuildFile; fileRef = D1CAA34A15FD265400549EF7 /* spades_6.png */; };
		D1CAA38115FD265400549EF7 /* spades_7.png in Resources */ = {isa = PBXBuildFile; fileRef = D1CAA34B15FD265400549EF7 /* spades_7.png */; };
		D1CAA38215FD265400549EF7 /* spades_8.png in Resources */ = {isa = PBXBuildFile; fileRef = D1CAA34C15FD265400549EF7 /* spades_8.png */; };
		D1CAA38315FD265400549EF7 /* spades_9.png in Resources */ = {isa = PBXBuildFile; fileRef = D1CAA34D15FD265400549EF7 /* spades_9.png */; };
		D1CAA38415FD265400549EF7 /* spades_10.png in Resources */ = {isa = PBXBuildFile; fileRef = D1CAA34E15FD265400549EF7 /* spades_10.png */; };
		D1CAA38515FD265400549EF7 /* spades_a.png in Resources */ = {isa = PBXBuildFile; fileRef = D1CAA34F15FD265400549EF7 /* spades_a.png */; };
		D1CAA38615FD265400549EF7 /* spades_j.png in Resources */ = {isa = PBXBuildFile; fileRef = D1CAA35015FD265400549EF7 /* spades_j.png */; };
		D1CAA38715FD265400549EF7 /* spades_k.png in Resources */ = {isa = PBXBuildFile; fileRef = D1CAA35115FD265400549EF7 /* spades_k.png */; };
		D1CAA38815FD265400549EF7 /* spades_q.png in Resources */ = {isa = PBXBuildFile; fileRef = D1CAA35215FD265400549EF7 /* spades_q.png */; };
		D1CAA38D15FD266C00549EF7 /* wooden_top.jpg in Resources */ = {isa = PBXBuildFile; fileRef = D1CAA38B15FD266C00549EF7 /* wooden_top.jpg */; };
		D1CAA3D215FD32E000549EF7 /* Card.m in Sources */ = {isa = PBXBuildFile; fileRef = D1CAA3D115FD32E000549EF7 /* Card.m */; };
		D1CAA3E515FD63E800549EF7 /* QuartzCore.framework in Frameworks */ = {isa = PBXBuildFile; fileRef = D1CAA3E415FD63E800549EF7 /* QuartzCore.framework */; };
		D1CAA3EA15FD6F6800549EF7 /* icon-ipad-retina.png in Resources */ = {isa = PBXBuildFile; fileRef = D1CAA3E615FD6F6800549EF7 /* icon-ipad-retina.png */; };
		D1CAA3EB15FD6F6800549EF7 /* icon-ipad.png in Resources */ = {isa = PBXBuildFile; fileRef = D1CAA3E715FD6F6800549EF7 /* icon-ipad.png */; };
		D1CAA3EC15FD6F6800549EF7 /* icon-retina.png in Resources */ = {isa = PBXBuildFile; fileRef = D1CAA3E815FD6F6800549EF7 /* icon-retina.png */; };
		D1CAA3ED15FD6F6800549EF7 /* icon.png in Resources */ = {isa = PBXBuildFile; fileRef = D1CAA3E915FD6F6800549EF7 /* icon.png */; };
		D1D2BA771603C9A0008EE137 /* CrazyEightsPlayerController.m in Sources */ = {isa = PBXBuildFile; fileRef = D1D2BA761603C9A0008EE137 /* CrazyEightsPlayerController.m */; };
		D1D2BA7A1603CDA0008EE137 /* PlayerController.m in Sources */ = {isa = PBXBuildFile; fileRef = D1D2BA791603CDA0008EE137 /* PlayerController.m */; };
		D1DA26281604E4D100E32193 /* ConnectViewController.m in Sources */ = {isa = PBXBuildFile; fileRef = D1DA26271604E4D100E32193 /* ConnectViewController.m */; };
		D1F488D0160CC06700CC1A07 /* RoundedTextView.m in Sources */ = {isa = PBXBuildFile; fileRef = D1F488CF160CC06700CC1A07 /* RoundedTextView.m */; };
		D1F488D4160CC16600CC1A07 /* RoundedTableView.m in Sources */ = {isa = PBXBuildFile; fileRef = D1F488D3160CC16600CC1A07 /* RoundedTableView.m */; };
		E65B97C71652C609003C5559 /* SettingsViewController.m in Sources */ = {isa = PBXBuildFile; fileRef = E65B97C61652C609003C5559 /* SettingsViewController.m */; };
		E681BEF816505638004EE43C /* CrazyEightsTabletGame.m in Sources */ = {isa = PBXBuildFile; fileRef = E681BEF716505638004EE43C /* CrazyEightsTabletGame.m */; };
		E6923E3D1653E55200D9CBC4 /* Deck.m in Sources */ = {isa = PBXBuildFile; fileRef = E6923E3C1653E55200D9CBC4 /* Deck.m */; };
/* End PBXBuildFile section */

/* Begin PBXFileReference section */
		597A3A2516568AD000A42CD5 /* CrazyEightsGameController.h */ = {isa = PBXFileReference; lastKnownFileType = sourcecode.c.h; path = CrazyEightsGameController.h; sourceTree = "<group>"; };
		597A3A2616568AD000A42CD5 /* CrazyEightsGameController.m */ = {isa = PBXFileReference; lastKnownFileType = sourcecode.c.objc; path = CrazyEightsGameController.m; sourceTree = "<group>"; };
		597A3A2816568AE200A42CD5 /* GameController.h */ = {isa = PBXFileReference; lastKnownFileType = sourcecode.c.h; path = GameController.h; sourceTree = "<group>"; };
		597A3A2916568AE200A42CD5 /* GameController.m */ = {isa = PBXFileReference; lastKnownFileType = sourcecode.c.objc; path = GameController.m; sourceTree = "<group>"; };
		D11F4971160CB97B00F46EE4 /* Default-568h@2x.png */ = {isa = PBXFileReference; lastKnownFileType = image.png; name = "Default-568h@2x.png"; path = "CardGames/Resources/Default-568h@2x.png"; sourceTree = "<group>"; };
		D129F74D164B51E9006FB0BD /* UIColor+CardGamesColor.h */ = {isa = PBXFileReference; fileEncoding = 4; lastKnownFileType = sourcecode.c.h; path = "UIColor+CardGamesColor.h"; sourceTree = "<group>"; };
		D129F74E164B51E9006FB0BD /* UIColor+CardGamesColor.m */ = {isa = PBXFileReference; fileEncoding = 4; lastKnownFileType = sourcecode.c.objc; path = "UIColor+CardGamesColor.m"; sourceTree = "<group>"; };
		D140E99F16056E6700FDC2DA /* PlayerConnectViewController.h */ = {isa = PBXFileReference; fileEncoding = 4; lastKnownFileType = sourcecode.c.h; path = PlayerConnectViewController.h; sourceTree = "<group>"; };
		D140E9A016056E6700FDC2DA /* PlayerConnectViewController.m */ = {isa = PBXFileReference; fileEncoding = 4; lastKnownFileType = sourcecode.c.objc; path = PlayerConnectViewController.m; sourceTree = "<group>"; };
		D140E9A91605705900FDC2DA /* CFNetwork.framework */ = {isa = PBXFileReference; lastKnownFileType = wrapper.framework; name = CFNetwork.framework; path = System/Library/Frameworks/CFNetwork.framework; sourceTree = SDKROOT; };
		D140E9BA16062AB200FDC2DA /* Server.h */ = {isa = PBXFileReference; fileEncoding = 4; lastKnownFileType = sourcecode.c.h; path = Server.h; sourceTree = "<group>"; };
		D140E9BB16062AB200FDC2DA /* Server.m */ = {isa = PBXFileReference; fileEncoding = 4; lastKnownFileType = sourcecode.c.objc; path = Server.m; sourceTree = "<group>"; };
		D140E9BC16062AB200FDC2DA /* ServerDelegate.h */ = {isa = PBXFileReference; fileEncoding = 4; lastKnownFileType = sourcecode.c.h; path = ServerDelegate.h; sourceTree = "<group>"; };
		D17C3363165065C500B19F43 /* Constants.h */ = {isa = PBXFileReference; fileEncoding = 4; lastKnownFileType = sourcecode.c.h; path = Constants.h; sourceTree = "<group>"; };
		D186639C15F109BE0098E8AD /* CardGames.app */ = {isa = PBXFileReference; explicitFileType = wrapper.application; includeInIndex = 0; path = CardGames.app; sourceTree = BUILT_PRODUCTS_DIR; };
		D18663A015F109BE0098E8AD /* UIKit.framework */ = {isa = PBXFileReference; lastKnownFileType = wrapper.framework; name = UIKit.framework; path = System/Library/Frameworks/UIKit.framework; sourceTree = SDKROOT; };
		D18663A215F109BE0098E8AD /* Foundation.framework */ = {isa = PBXFileReference; lastKnownFileType = wrapper.framework; name = Foundation.framework; path = System/Library/Frameworks/Foundation.framework; sourceTree = SDKROOT; };
		D18663A415F109BE0098E8AD /* CoreGraphics.framework */ = {isa = PBXFileReference; lastKnownFileType = wrapper.framework; name = CoreGraphics.framework; path = System/Library/Frameworks/CoreGraphics.framework; sourceTree = SDKROOT; };
		D18663A815F109BE0098E8AD /* CardGames-Info.plist */ = {isa = PBXFileReference; lastKnownFileType = text.plist.xml; path = "CardGames-Info.plist"; sourceTree = "<group>"; };
		D18663AA15F109BE0098E8AD /* en */ = {isa = PBXFileReference; lastKnownFileType = text.plist.strings; name = en; path = en.lproj/InfoPlist.strings; sourceTree = "<group>"; };
		D18663AC15F109BE0098E8AD /* main.m */ = {isa = PBXFileReference; lastKnownFileType = sourcecode.c.objc; path = main.m; sourceTree = "<group>"; };
		D18663AE15F109BE0098E8AD /* CardGames-Prefix.pch */ = {isa = PBXFileReference; lastKnownFileType = sourcecode.c.h; path = "CardGames-Prefix.pch"; sourceTree = "<group>"; };
		D18663AF15F109BE0098E8AD /* AppDelegate.h */ = {isa = PBXFileReference; lastKnownFileType = sourcecode.c.h; path = AppDelegate.h; sourceTree = "<group>"; };
		D18663B015F109BE0098E8AD /* AppDelegate.m */ = {isa = PBXFileReference; lastKnownFileType = sourcecode.c.objc; path = AppDelegate.m; sourceTree = "<group>"; };
		D18663B315F109BE0098E8AD /* en */ = {isa = PBXFileReference; lastKnownFileType = file.storyboard; name = en; path = en.lproj/MainStoryboard_iPhone.storyboard; sourceTree = "<group>"; };
		D18663B615F109BE0098E8AD /* en */ = {isa = PBXFileReference; lastKnownFileType = file.storyboard; name = en; path = en.lproj/MainStoryboard_iPad.storyboard; sourceTree = "<group>"; };
		D18663B815F109BE0098E8AD /* ViewController.h */ = {isa = PBXFileReference; lastKnownFileType = sourcecode.c.h; path = ViewController.h; sourceTree = "<group>"; };
		D18663B915F109BE0098E8AD /* ViewController.m */ = {isa = PBXFileReference; lastKnownFileType = sourcecode.c.objc; path = ViewController.m; sourceTree = "<group>"; };
		D1A7A52A15FEA4EF00754BD9 /* CrazyEightsRules.h */ = {isa = PBXFileReference; fileEncoding = 4; lastKnownFileType = sourcecode.c.h; path = CrazyEightsRules.h; sourceTree = "<group>"; };
		D1A7A52B15FEA4EF00754BD9 /* CrazyEightsRules.m */ = {isa = PBXFileReference; fileEncoding = 4; lastKnownFileType = sourcecode.c.objc; path = CrazyEightsRules.m; sourceTree = "<group>"; };
		D1A7A52D15FEC9A400754BD9 /* clubsuitimage.png */ = {isa = PBXFileReference; lastKnownFileType = image.png; name = clubsuitimage.png; path = CardGames/Resources/clubsuitimage.png; sourceTree = "<group>"; };
		D1A7A52E15FEC9A400754BD9 /* diamondsuitimage.png */ = {isa = PBXFileReference; lastKnownFileType = image.png; name = diamondsuitimage.png; path = CardGames/Resources/diamondsuitimage.png; sourceTree = "<group>"; };
		D1A7A52F15FEC9A400754BD9 /* heartsuitimage.png */ = {isa = PBXFileReference; lastKnownFileType = image.png; name = heartsuitimage.png; path = CardGames/Resources/heartsuitimage.png; sourceTree = "<group>"; };
		D1A7A53015FEC9A400754BD9 /* spadesuitimage.png */ = {isa = PBXFileReference; lastKnownFileType = image.png; name = spadesuitimage.png; path = CardGames/Resources/spadesuitimage.png; sourceTree = "<group>"; };
		D1A7A53515FECD6F00754BD9 /* ChooseSuitViewController.h */ = {isa = PBXFileReference; fileEncoding = 4; lastKnownFileType = sourcecode.c.h; path = ChooseSuitViewController.h; sourceTree = "<group>"; };
		D1A7A53615FECD6F00754BD9 /* ChooseSuitViewController.m */ = {isa = PBXFileReference; fileEncoding = 4; lastKnownFileType = sourcecode.c.objc; path = ChooseSuitViewController.m; sourceTree = "<group>"; };
		D1A7A53815FED05C00754BD9 /* GameResultViewController.h */ = {isa = PBXFileReference; fileEncoding = 4; lastKnownFileType = sourcecode.c.h; path = GameResultViewController.h; sourceTree = "<group>"; };
		D1A7A53915FED05C00754BD9 /* GameResultViewController.m */ = {isa = PBXFileReference; fileEncoding = 4; lastKnownFileType = sourcecode.c.objc; path = GameResultViewController.m; sourceTree = "<group>"; };
		D1BC21F7164DC36D0067EFF8 /* Player.h */ = {isa = PBXFileReference; fileEncoding = 4; lastKnownFileType = sourcecode.c.h; path = Player.h; sourceTree = "<group>"; };
		D1BC21F8164DC36D0067EFF8 /* Player.m */ = {isa = PBXFileReference; fileEncoding = 4; lastKnownFileType = sourcecode.c.objc; path = Player.m; sourceTree = "<group>"; };
		D1BC21FE164DDA220067EFF8 /* RoundedButton.h */ = {isa = PBXFileReference; fileEncoding = 4; lastKnownFileType = sourcecode.c.h; path = RoundedButton.h; sourceTree = "<group>"; };
		D1BC21FF164DDA220067EFF8 /* RoundedButton.m */ = {isa = PBXFileReference; fileEncoding = 4; lastKnownFileType = sourcecode.c.objc; path = RoundedButton.m; sourceTree = "<group>"; };
		D1BC2201164DDA610067EFF8 /* UIView+Custom.h */ = {isa = PBXFileReference; fileEncoding = 4; lastKnownFileType = sourcecode.c.h; path = "UIView+Custom.h"; sourceTree = "<group>"; };
		D1BC2202164DDA610067EFF8 /* UIView+Custom.m */ = {isa = PBXFileReference; fileEncoding = 4; lastKnownFileType = sourcecode.c.objc; path = "UIView+Custom.m"; sourceTree = "<group>"; };
		D1CAA23D15FD0D3300549EF7 /* PlayViewController.h */ = {isa = PBXFileReference; fileEncoding = 4; lastKnownFileType = sourcecode.c.h; path = PlayViewController.h; sourceTree = "<group>"; };
		D1CAA23E15FD0D3300549EF7 /* PlayViewController.m */ = {isa = PBXFileReference; fileEncoding = 4; lastKnownFileType = sourcecode.c.objc; path = PlayViewController.m; sourceTree = "<group>"; };
		D1CAA24015FD1F6D00549EF7 /* WifiConnection.h */ = {isa = PBXFileReference; fileEncoding = 4; lastKnownFileType = sourcecode.c.h; path = WifiConnection.h; sourceTree = "<group>"; };
		D1CAA24115FD1F6D00549EF7 /* WifiConnection.m */ = {isa = PBXFileReference; fileEncoding = 4; lastKnownFileType = sourcecode.c.objc; path = WifiConnection.m; sourceTree = "<group>"; };
		D1CAA24315FD21BF00549EF7 /* ConnectionDelegate.h */ = {isa = PBXFileReference; lastKnownFileType = sourcecode.c.h; path = ConnectionDelegate.h; sourceTree = "<group>"; };
		D1CAA31D15FD265400549EF7 /* clubs_2.png */ = {isa = PBXFileReference; lastKnownFileType = image.png; name = clubs_2.png; path = CardGames/Resources/Cards/clubs_2.png; sourceTree = "<group>"; };
		D1CAA31E15FD265400549EF7 /* clubs_3.png */ = {isa = PBXFileReference; lastKnownFileType = image.png; name = clubs_3.png; path = CardGames/Resources/Cards/clubs_3.png; sourceTree = "<group>"; };
		D1CAA31F15FD265400549EF7 /* clubs_4.png */ = {isa = PBXFileReference; lastKnownFileType = image.png; name = clubs_4.png; path = CardGames/Resources/Cards/clubs_4.png; sourceTree = "<group>"; };
		D1CAA32015FD265400549EF7 /* clubs_5.png */ = {isa = PBXFileReference; lastKnownFileType = image.png; name = clubs_5.png; path = CardGames/Resources/Cards/clubs_5.png; sourceTree = "<group>"; };
		D1CAA32115FD265400549EF7 /* clubs_6.png */ = {isa = PBXFileReference; lastKnownFileType = image.png; name = clubs_6.png; path = CardGames/Resources/Cards/clubs_6.png; sourceTree = "<group>"; };
		D1CAA32215FD265400549EF7 /* clubs_7.png */ = {isa = PBXFileReference; lastKnownFileType = image.png; name = clubs_7.png; path = CardGames/Resources/Cards/clubs_7.png; sourceTree = "<group>"; };
		D1CAA32315FD265400549EF7 /* clubs_8.png */ = {isa = PBXFileReference; lastKnownFileType = image.png; name = clubs_8.png; path = CardGames/Resources/Cards/clubs_8.png; sourceTree = "<group>"; };
		D1CAA32415FD265400549EF7 /* clubs_9.png */ = {isa = PBXFileReference; lastKnownFileType = image.png; name = clubs_9.png; path = CardGames/Resources/Cards/clubs_9.png; sourceTree = "<group>"; };
		D1CAA32515FD265400549EF7 /* clubs_10.png */ = {isa = PBXFileReference; lastKnownFileType = image.png; name = clubs_10.png; path = CardGames/Resources/Cards/clubs_10.png; sourceTree = "<group>"; };
		D1CAA32615FD265400549EF7 /* clubs_a.png */ = {isa = PBXFileReference; lastKnownFileType = image.png; name = clubs_a.png; path = CardGames/Resources/Cards/clubs_a.png; sourceTree = "<group>"; };
		D1CAA32715FD265400549EF7 /* clubs_j.png */ = {isa = PBXFileReference; lastKnownFileType = image.png; name = clubs_j.png; path = CardGames/Resources/Cards/clubs_j.png; sourceTree = "<group>"; };
		D1CAA32815FD265400549EF7 /* clubs_k.png */ = {isa = PBXFileReference; lastKnownFileType = image.png; name = clubs_k.png; path = CardGames/Resources/Cards/clubs_k.png; sourceTree = "<group>"; };
		D1CAA32915FD265400549EF7 /* clubs_q.png */ = {isa = PBXFileReference; lastKnownFileType = image.png; name = clubs_q.png; path = CardGames/Resources/Cards/clubs_q.png; sourceTree = "<group>"; };
		D1CAA32A15FD265400549EF7 /* diamonds_2.png */ = {isa = PBXFileReference; lastKnownFileType = image.png; name = diamonds_2.png; path = CardGames/Resources/Cards/diamonds_2.png; sourceTree = "<group>"; };
		D1CAA32B15FD265400549EF7 /* diamonds_3.png */ = {isa = PBXFileReference; lastKnownFileType = image.png; name = diamonds_3.png; path = CardGames/Resources/Cards/diamonds_3.png; sourceTree = "<group>"; };
		D1CAA32C15FD265400549EF7 /* diamonds_4.png */ = {isa = PBXFileReference; lastKnownFileType = image.png; name = diamonds_4.png; path = CardGames/Resources/Cards/diamonds_4.png; sourceTree = "<group>"; };
		D1CAA32D15FD265400549EF7 /* diamonds_5.png */ = {isa = PBXFileReference; lastKnownFileType = image.png; name = diamonds_5.png; path = CardGames/Resources/Cards/diamonds_5.png; sourceTree = "<group>"; };
		D1CAA32E15FD265400549EF7 /* diamonds_6.png */ = {isa = PBXFileReference; lastKnownFileType = image.png; name = diamonds_6.png; path = CardGames/Resources/Cards/diamonds_6.png; sourceTree = "<group>"; };
		D1CAA32F15FD265400549EF7 /* diamonds_7.png */ = {isa = PBXFileReference; lastKnownFileType = image.png; name = diamonds_7.png; path = CardGames/Resources/Cards/diamonds_7.png; sourceTree = "<group>"; };
		D1CAA33015FD265400549EF7 /* diamonds_8.png */ = {isa = PBXFileReference; lastKnownFileType = image.png; name = diamonds_8.png; path = CardGames/Resources/Cards/diamonds_8.png; sourceTree = "<group>"; };
		D1CAA33115FD265400549EF7 /* diamonds_9.png */ = {isa = PBXFileReference; lastKnownFileType = image.png; name = diamonds_9.png; path = CardGames/Resources/Cards/diamonds_9.png; sourceTree = "<group>"; };
		D1CAA33215FD265400549EF7 /* diamonds_10.png */ = {isa = PBXFileReference; lastKnownFileType = image.png; name = diamonds_10.png; path = CardGames/Resources/Cards/diamonds_10.png; sourceTree = "<group>"; };
		D1CAA33315FD265400549EF7 /* diamonds_a.png */ = {isa = PBXFileReference; lastKnownFileType = image.png; name = diamonds_a.png; path = CardGames/Resources/Cards/diamonds_a.png; sourceTree = "<group>"; };
		D1CAA33415FD265400549EF7 /* diamonds_j.png */ = {isa = PBXFileReference; lastKnownFileType = image.png; name = diamonds_j.png; path = CardGames/Resources/Cards/diamonds_j.png; sourceTree = "<group>"; };
		D1CAA33515FD265400549EF7 /* diamonds_k.png */ = {isa = PBXFileReference; lastKnownFileType = image.png; name = diamonds_k.png; path = CardGames/Resources/Cards/diamonds_k.png; sourceTree = "<group>"; };
		D1CAA33615FD265400549EF7 /* diamonds_q.png */ = {isa = PBXFileReference; lastKnownFileType = image.png; name = diamonds_q.png; path = CardGames/Resources/Cards/diamonds_q.png; sourceTree = "<group>"; };
		D1CAA33715FD265400549EF7 /* hearts_2.png */ = {isa = PBXFileReference; lastKnownFileType = image.png; name = hearts_2.png; path = CardGames/Resources/Cards/hearts_2.png; sourceTree = "<group>"; };
		D1CAA33815FD265400549EF7 /* hearts_3.png */ = {isa = PBXFileReference; lastKnownFileType = image.png; name = hearts_3.png; path = CardGames/Resources/Cards/hearts_3.png; sourceTree = "<group>"; };
		D1CAA33915FD265400549EF7 /* hearts_4.png */ = {isa = PBXFileReference; lastKnownFileType = image.png; name = hearts_4.png; path = CardGames/Resources/Cards/hearts_4.png; sourceTree = "<group>"; };
		D1CAA33A15FD265400549EF7 /* hearts_5.png */ = {isa = PBXFileReference; lastKnownFileType = image.png; name = hearts_5.png; path = CardGames/Resources/Cards/hearts_5.png; sourceTree = "<group>"; };
		D1CAA33B15FD265400549EF7 /* hearts_6.png */ = {isa = PBXFileReference; lastKnownFileType = image.png; name = hearts_6.png; path = CardGames/Resources/Cards/hearts_6.png; sourceTree = "<group>"; };
		D1CAA33C15FD265400549EF7 /* hearts_7.png */ = {isa = PBXFileReference; lastKnownFileType = image.png; name = hearts_7.png; path = CardGames/Resources/Cards/hearts_7.png; sourceTree = "<group>"; };
		D1CAA33D15FD265400549EF7 /* hearts_8.png */ = {isa = PBXFileReference; lastKnownFileType = image.png; name = hearts_8.png; path = CardGames/Resources/Cards/hearts_8.png; sourceTree = "<group>"; };
		D1CAA33E15FD265400549EF7 /* hearts_9.png */ = {isa = PBXFileReference; lastKnownFileType = image.png; name = hearts_9.png; path = CardGames/Resources/Cards/hearts_9.png; sourceTree = "<group>"; };
		D1CAA33F15FD265400549EF7 /* hearts_10.png */ = {isa = PBXFileReference; lastKnownFileType = image.png; name = hearts_10.png; path = CardGames/Resources/Cards/hearts_10.png; sourceTree = "<group>"; };
		D1CAA34015FD265400549EF7 /* hearts_a.png */ = {isa = PBXFileReference; lastKnownFileType = image.png; name = hearts_a.png; path = CardGames/Resources/Cards/hearts_a.png; sourceTree = "<group>"; };
		D1CAA34115FD265400549EF7 /* hearts_j.png */ = {isa = PBXFileReference; lastKnownFileType = image.png; name = hearts_j.png; path = CardGames/Resources/Cards/hearts_j.png; sourceTree = "<group>"; };
		D1CAA34215FD265400549EF7 /* hearts_k.png */ = {isa = PBXFileReference; lastKnownFileType = image.png; name = hearts_k.png; path = CardGames/Resources/Cards/hearts_k.png; sourceTree = "<group>"; };
		D1CAA34315FD265400549EF7 /* hearts_q.png */ = {isa = PBXFileReference; lastKnownFileType = image.png; name = hearts_q.png; path = CardGames/Resources/Cards/hearts_q.png; sourceTree = "<group>"; };
		D1CAA34415FD265400549EF7 /* joker_b.png */ = {isa = PBXFileReference; lastKnownFileType = image.png; name = joker_b.png; path = CardGames/Resources/Cards/joker_b.png; sourceTree = "<group>"; };
		D1CAA34515FD265400549EF7 /* joker_r.png */ = {isa = PBXFileReference; lastKnownFileType = image.png; name = joker_r.png; path = CardGames/Resources/Cards/joker_r.png; sourceTree = "<group>"; };
		D1CAA34615FD265400549EF7 /* spades_2.png */ = {isa = PBXFileReference; lastKnownFileType = image.png; name = spades_2.png; path = CardGames/Resources/Cards/spades_2.png; sourceTree = "<group>"; };
		D1CAA34715FD265400549EF7 /* spades_3.png */ = {isa = PBXFileReference; lastKnownFileType = image.png; name = spades_3.png; path = CardGames/Resources/Cards/spades_3.png; sourceTree = "<group>"; };
		D1CAA34815FD265400549EF7 /* spades_4.png */ = {isa = PBXFileReference; lastKnownFileType = image.png; name = spades_4.png; path = CardGames/Resources/Cards/spades_4.png; sourceTree = "<group>"; };
		D1CAA34915FD265400549EF7 /* spades_5.png */ = {isa = PBXFileReference; lastKnownFileType = image.png; name = spades_5.png; path = CardGames/Resources/Cards/spades_5.png; sourceTree = "<group>"; };
		D1CAA34A15FD265400549EF7 /* spades_6.png */ = {isa = PBXFileReference; lastKnownFileType = image.png; name = spades_6.png; path = CardGames/Resources/Cards/spades_6.png; sourceTree = "<group>"; };
		D1CAA34B15FD265400549EF7 /* spades_7.png */ = {isa = PBXFileReference; lastKnownFileType = image.png; name = spades_7.png; path = CardGames/Resources/Cards/spades_7.png; sourceTree = "<group>"; };
		D1CAA34C15FD265400549EF7 /* spades_8.png */ = {isa = PBXFileReference; lastKnownFileType = image.png; name = spades_8.png; path = CardGames/Resources/Cards/spades_8.png; sourceTree = "<group>"; };
		D1CAA34D15FD265400549EF7 /* spades_9.png */ = {isa = PBXFileReference; lastKnownFileType = image.png; name = spades_9.png; path = CardGames/Resources/Cards/spades_9.png; sourceTree = "<group>"; };
		D1CAA34E15FD265400549EF7 /* spades_10.png */ = {isa = PBXFileReference; lastKnownFileType = image.png; name = spades_10.png; path = CardGames/Resources/Cards/spades_10.png; sourceTree = "<group>"; };
		D1CAA34F15FD265400549EF7 /* spades_a.png */ = {isa = PBXFileReference; lastKnownFileType = image.png; name = spades_a.png; path = CardGames/Resources/Cards/spades_a.png; sourceTree = "<group>"; };
		D1CAA35015FD265400549EF7 /* spades_j.png */ = {isa = PBXFileReference; lastKnownFileType = image.png; name = spades_j.png; path = CardGames/Resources/Cards/spades_j.png; sourceTree = "<group>"; };
		D1CAA35115FD265400549EF7 /* spades_k.png */ = {isa = PBXFileReference; lastKnownFileType = image.png; name = spades_k.png; path = CardGames/Resources/Cards/spades_k.png; sourceTree = "<group>"; };
		D1CAA35215FD265400549EF7 /* spades_q.png */ = {isa = PBXFileReference; lastKnownFileType = image.png; name = spades_q.png; path = CardGames/Resources/Cards/spades_q.png; sourceTree = "<group>"; };
		D1CAA38915FD266100549EF7 /* hammersmithone.ttf */ = {isa = PBXFileReference; lastKnownFileType = file; name = hammersmithone.ttf; path = CardGames/Resources/hammersmithone.ttf; sourceTree = "<group>"; };
		D1CAA38B15FD266C00549EF7 /* wooden_top.jpg */ = {isa = PBXFileReference; lastKnownFileType = image.jpeg; name = wooden_top.jpg; path = CardGames/Resources/wooden_top.jpg; sourceTree = "<group>"; };
		D1CAA3D015FD32E000549EF7 /* Card.h */ = {isa = PBXFileReference; fileEncoding = 4; lastKnownFileType = sourcecode.c.h; path = Card.h; sourceTree = "<group>"; };
		D1CAA3D115FD32E000549EF7 /* Card.m */ = {isa = PBXFileReference; fileEncoding = 4; lastKnownFileType = sourcecode.c.objc; path = Card.m; sourceTree = "<group>"; };
		D1CAA3E415FD63E800549EF7 /* QuartzCore.framework */ = {isa = PBXFileReference; lastKnownFileType = wrapper.framework; name = QuartzCore.framework; path = System/Library/Frameworks/QuartzCore.framework; sourceTree = SDKROOT; };
		D1CAA3E615FD6F6800549EF7 /* icon-ipad-retina.png */ = {isa = PBXFileReference; lastKnownFileType = image.png; name = "icon-ipad-retina.png"; path = "CardGames/Resources/icon-ipad-retina.png"; sourceTree = "<group>"; };
		D1CAA3E715FD6F6800549EF7 /* icon-ipad.png */ = {isa = PBXFileReference; lastKnownFileType = image.png; name = "icon-ipad.png"; path = "CardGames/Resources/icon-ipad.png"; sourceTree = "<group>"; };
		D1CAA3E815FD6F6800549EF7 /* icon-retina.png */ = {isa = PBXFileReference; lastKnownFileType = image.png; name = "icon-retina.png"; path = "CardGames/Resources/icon-retina.png"; sourceTree = "<group>"; };
		D1CAA3E915FD6F6800549EF7 /* icon.png */ = {isa = PBXFileReference; lastKnownFileType = image.png; name = icon.png; path = CardGames/Resources/icon.png; sourceTree = "<group>"; };
		D1D2BA751603C9A0008EE137 /* CrazyEightsPlayerController.h */ = {isa = PBXFileReference; fileEncoding = 4; lastKnownFileType = sourcecode.c.h; path = CrazyEightsPlayerController.h; sourceTree = "<group>"; };
		D1D2BA761603C9A0008EE137 /* CrazyEightsPlayerController.m */ = {isa = PBXFileReference; fileEncoding = 4; lastKnownFileType = sourcecode.c.objc; path = CrazyEightsPlayerController.m; sourceTree = "<group>"; };
		D1D2BA781603CDA0008EE137 /* PlayerController.h */ = {isa = PBXFileReference; fileEncoding = 4; lastKnownFileType = sourcecode.c.h; path = PlayerController.h; sourceTree = "<group>"; };
		D1D2BA791603CDA0008EE137 /* PlayerController.m */ = {isa = PBXFileReference; fileEncoding = 4; lastKnownFileType = sourcecode.c.objc; path = PlayerController.m; sourceTree = "<group>"; };
		D1DA26261604E4D100E32193 /* ConnectViewController.h */ = {isa = PBXFileReference; fileEncoding = 4; lastKnownFileType = sourcecode.c.h; path = ConnectViewController.h; sourceTree = "<group>"; };
		D1DA26271604E4D100E32193 /* ConnectViewController.m */ = {isa = PBXFileReference; fileEncoding = 4; lastKnownFileType = sourcecode.c.objc; path = ConnectViewController.m; sourceTree = "<group>"; };
		D1E09757164C96420089CB69 /* C8Constants.h */ = {isa = PBXFileReference; fileEncoding = 4; lastKnownFileType = sourcecode.c.h; path = C8Constants.h; sourceTree = "<group>"; };
		D1F488CE160CC06700CC1A07 /* RoundedTextView.h */ = {isa = PBXFileReference; fileEncoding = 4; lastKnownFileType = sourcecode.c.h; path = RoundedTextView.h; sourceTree = "<group>"; };
		D1F488CF160CC06700CC1A07 /* RoundedTextView.m */ = {isa = PBXFileReference; fileEncoding = 4; lastKnownFileType = sourcecode.c.objc; path = RoundedTextView.m; sourceTree = "<group>"; };
		D1F488D2160CC16600CC1A07 /* RoundedTableView.h */ = {isa = PBXFileReference; fileEncoding = 4; lastKnownFileType = sourcecode.c.h; path = RoundedTableView.h; sourceTree = "<group>"; };
		D1F488D3160CC16600CC1A07 /* RoundedTableView.m */ = {isa = PBXFileReference; fileEncoding = 4; lastKnownFileType = sourcecode.c.objc; path = RoundedTableView.m; sourceTree = "<group>"; };
		E65B97C51652C609003C5559 /* SettingsViewController.h */ = {isa = PBXFileReference; fileEncoding = 4; lastKnownFileType = sourcecode.c.h; path = SettingsViewController.h; sourceTree = "<group>"; };
		E65B97C61652C609003C5559 /* SettingsViewController.m */ = {isa = PBXFileReference; fileEncoding = 4; lastKnownFileType = sourcecode.c.objc; path = SettingsViewController.m; sourceTree = "<group>"; };
		E681BEF616505638004EE43C /* CrazyEightsTabletGame.h */ = {isa = PBXFileReference; fileEncoding = 4; lastKnownFileType = sourcecode.c.h; path = CrazyEightsTabletGame.h; sourceTree = "<group>"; };
		E681BEF716505638004EE43C /* CrazyEightsTabletGame.m */ = {isa = PBXFileReference; fileEncoding = 4; lastKnownFileType = sourcecode.c.objc; path = CrazyEightsTabletGame.m; sourceTree = "<group>"; };
		E6923E3B1653E55200D9CBC4 /* Deck.h */ = {isa = PBXFileReference; fileEncoding = 4; lastKnownFileType = sourcecode.c.h; path = Deck.h; sourceTree = "<group>"; };
		E6923E3C1653E55200D9CBC4 /* Deck.m */ = {isa = PBXFileReference; fileEncoding = 4; lastKnownFileType = sourcecode.c.objc; path = Deck.m; sourceTree = "<group>"; };
/* End PBXFileReference section */

/* Begin PBXFrameworksBuildPhase section */
		D186639915F109BE0098E8AD /* Frameworks */ = {
			isa = PBXFrameworksBuildPhase;
			buildActionMask = 2147483647;
			files = (
				D140E9AA1605705900FDC2DA /* CFNetwork.framework in Frameworks */,
				D1CAA3E515FD63E800549EF7 /* QuartzCore.framework in Frameworks */,
				D18663A115F109BE0098E8AD /* UIKit.framework in Frameworks */,
				D18663A315F109BE0098E8AD /* Foundation.framework in Frameworks */,
				D18663A515F109BE0098E8AD /* CoreGraphics.framework in Frameworks */,
			);
			runOnlyForDeploymentPostprocessing = 0;
		};
/* End PBXFrameworksBuildPhase section */

/* Begin PBXGroup section */
		D186639115F109BE0098E8AD = {
			isa = PBXGroup;
			children = (
				D1CAA23315FD033900549EF7 /* Resources */,
				D18663A615F109BE0098E8AD /* CardGames */,
				D186639F15F109BE0098E8AD /* Frameworks */,
				D186639D15F109BE0098E8AD /* Products */,
			);
			sourceTree = "<group>";
		};
		D186639D15F109BE0098E8AD /* Products */ = {
			isa = PBXGroup;
			children = (
				D186639C15F109BE0098E8AD /* CardGames.app */,
			);
			name = Products;
			sourceTree = "<group>";
		};
		D186639F15F109BE0098E8AD /* Frameworks */ = {
			isa = PBXGroup;
			children = (
				D140E9A91605705900FDC2DA /* CFNetwork.framework */,
				D1CAA3E415FD63E800549EF7 /* QuartzCore.framework */,
				D18663A015F109BE0098E8AD /* UIKit.framework */,
				D18663A215F109BE0098E8AD /* Foundation.framework */,
				D18663A415F109BE0098E8AD /* CoreGraphics.framework */,
			);
			name = Frameworks;
			sourceTree = "<group>";
		};
		D18663A615F109BE0098E8AD /* CardGames */ = {
			isa = PBXGroup;
			children = (
				D17C3363165065C500B19F43 /* Constants.h */,
				D1CAA3DF15FD61B200549EF7 /* Connection */,
				D1CAA3E015FD61C600549EF7 /* Game */,
				D1CAA3DE15FD619A00549EF7 /* UIComponents */,
				D1A7A53B15FEE97A00754BD9 /* ViewControllers */,
				D18663B215F109BE0098E8AD /* MainStoryboard_iPhone.storyboard */,
				D18663B515F109BE0098E8AD /* MainStoryboard_iPad.storyboard */,
				D18663A715F109BE0098E8AD /* Supporting Files */,
			);
			path = CardGames;
			sourceTree = "<group>";
		};
		D18663A715F109BE0098E8AD /* Supporting Files */ = {
			isa = PBXGroup;
			children = (
				D18663AF15F109BE0098E8AD /* AppDelegate.h */,
				D18663B015F109BE0098E8AD /* AppDelegate.m */,
				D18663A815F109BE0098E8AD /* CardGames-Info.plist */,
				D18663A915F109BE0098E8AD /* InfoPlist.strings */,
				D18663AC15F109BE0098E8AD /* main.m */,
				D18663AE15F109BE0098E8AD /* CardGames-Prefix.pch */,
			);
			name = "Supporting Files";
			sourceTree = "<group>";
		};
		D1A7A53B15FEE97A00754BD9 /* ViewControllers */ = {
			isa = PBXGroup;
			children = (
				D1A7A53515FECD6F00754BD9 /* ChooseSuitViewController.h */,
				D1A7A53615FECD6F00754BD9 /* ChooseSuitViewController.m */,
				D1DA26261604E4D100E32193 /* ConnectViewController.h */,
				D1DA26271604E4D100E32193 /* ConnectViewController.m */,
				D1A7A53815FED05C00754BD9 /* GameResultViewController.h */,
				D1A7A53915FED05C00754BD9 /* GameResultViewController.m */,
				D1CAA23D15FD0D3300549EF7 /* PlayViewController.h */,
				D1CAA23E15FD0D3300549EF7 /* PlayViewController.m */,
				D140E99F16056E6700FDC2DA /* PlayerConnectViewController.h */,
				D140E9A016056E6700FDC2DA /* PlayerConnectViewController.m */,
				D18663B815F109BE0098E8AD /* ViewController.h */,
				D18663B915F109BE0098E8AD /* ViewController.m */,
				E65B97C51652C609003C5559 /* SettingsViewController.h */,
				E65B97C61652C609003C5559 /* SettingsViewController.m */,
			);
			name = ViewControllers;
			sourceTree = "<group>";
		};
		D1CAA23315FD033900549EF7 /* Resources */ = {
			isa = PBXGroup;
			children = (
				D1CAA24415FD254E00549EF7 /* Cards */,
				D1CAA38915FD266100549EF7 /* hammersmithone.ttf */,
				D1A7A52D15FEC9A400754BD9 /* clubsuitimage.png */,
				D1A7A52E15FEC9A400754BD9 /* diamondsuitimage.png */,
				D1A7A52F15FEC9A400754BD9 /* heartsuitimage.png */,
				D1A7A53015FEC9A400754BD9 /* spadesuitimage.png */,
				D11F4971160CB97B00F46EE4 /* Default-568h@2x.png */,
				D1CAA3E615FD6F6800549EF7 /* icon-ipad-retina.png */,
				D1CAA3E715FD6F6800549EF7 /* icon-ipad.png */,
				D1CAA3E815FD6F6800549EF7 /* icon-retina.png */,
				D1CAA3E915FD6F6800549EF7 /* icon.png */,
				D1CAA38B15FD266C00549EF7 /* wooden_top.jpg */,
			);
			name = Resources;
			sourceTree = "<group>";
		};
		D1CAA24415FD254E00549EF7 /* Cards */ = {
			isa = PBXGroup;
			children = (
				D1CAA31D15FD265400549EF7 /* clubs_2.png */,
				D1CAA31E15FD265400549EF7 /* clubs_3.png */,
				D1CAA31F15FD265400549EF7 /* clubs_4.png */,
				D1CAA32015FD265400549EF7 /* clubs_5.png */,
				D1CAA32115FD265400549EF7 /* clubs_6.png */,
				D1CAA32215FD265400549EF7 /* clubs_7.png */,
				D1CAA32315FD265400549EF7 /* clubs_8.png */,
				D1CAA32415FD265400549EF7 /* clubs_9.png */,
				D1CAA32515FD265400549EF7 /* clubs_10.png */,
				D1CAA32615FD265400549EF7 /* clubs_a.png */,
				D1CAA32715FD265400549EF7 /* clubs_j.png */,
				D1CAA32815FD265400549EF7 /* clubs_k.png */,
				D1CAA32915FD265400549EF7 /* clubs_q.png */,
				D1CAA32A15FD265400549EF7 /* diamonds_2.png */,
				D1CAA32B15FD265400549EF7 /* diamonds_3.png */,
				D1CAA32C15FD265400549EF7 /* diamonds_4.png */,
				D1CAA32D15FD265400549EF7 /* diamonds_5.png */,
				D1CAA32E15FD265400549EF7 /* diamonds_6.png */,
				D1CAA32F15FD265400549EF7 /* diamonds_7.png */,
				D1CAA33015FD265400549EF7 /* diamonds_8.png */,
				D1CAA33115FD265400549EF7 /* diamonds_9.png */,
				D1CAA33215FD265400549EF7 /* diamonds_10.png */,
				D1CAA33315FD265400549EF7 /* diamonds_a.png */,
				D1CAA33415FD265400549EF7 /* diamonds_j.png */,
				D1CAA33515FD265400549EF7 /* diamonds_k.png */,
				D1CAA33615FD265400549EF7 /* diamonds_q.png */,
				D1CAA33715FD265400549EF7 /* hearts_2.png */,
				D1CAA33815FD265400549EF7 /* hearts_3.png */,
				D1CAA33915FD265400549EF7 /* hearts_4.png */,
				D1CAA33A15FD265400549EF7 /* hearts_5.png */,
				D1CAA33B15FD265400549EF7 /* hearts_6.png */,
				D1CAA33C15FD265400549EF7 /* hearts_7.png */,
				D1CAA33D15FD265400549EF7 /* hearts_8.png */,
				D1CAA33E15FD265400549EF7 /* hearts_9.png */,
				D1CAA33F15FD265400549EF7 /* hearts_10.png */,
				D1CAA34015FD265400549EF7 /* hearts_a.png */,
				D1CAA34115FD265400549EF7 /* hearts_j.png */,
				D1CAA34215FD265400549EF7 /* hearts_k.png */,
				D1CAA34315FD265400549EF7 /* hearts_q.png */,
				D1CAA34415FD265400549EF7 /* joker_b.png */,
				D1CAA34515FD265400549EF7 /* joker_r.png */,
				D1CAA34615FD265400549EF7 /* spades_2.png */,
				D1CAA34715FD265400549EF7 /* spades_3.png */,
				D1CAA34815FD265400549EF7 /* spades_4.png */,
				D1CAA34915FD265400549EF7 /* spades_5.png */,
				D1CAA34A15FD265400549EF7 /* spades_6.png */,
				D1CAA34B15FD265400549EF7 /* spades_7.png */,
				D1CAA34C15FD265400549EF7 /* spades_8.png */,
				D1CAA34D15FD265400549EF7 /* spades_9.png */,
				D1CAA34E15FD265400549EF7 /* spades_10.png */,
				D1CAA34F15FD265400549EF7 /* spades_a.png */,
				D1CAA35015FD265400549EF7 /* spades_j.png */,
				D1CAA35115FD265400549EF7 /* spades_k.png */,
				D1CAA35215FD265400549EF7 /* spades_q.png */,
			);
			name = Cards;
			sourceTree = "<group>";
		};
		D1CAA3DE15FD619A00549EF7 /* UIComponents */ = {
			isa = PBXGroup;
			children = (
				D1BC2201164DDA610067EFF8 /* UIView+Custom.h */,
				D1BC2202164DDA610067EFF8 /* UIView+Custom.m */,
				D129F74D164B51E9006FB0BD /* UIColor+CardGamesColor.h */,
				D129F74E164B51E9006FB0BD /* UIColor+CardGamesColor.m */,
				D1F488CE160CC06700CC1A07 /* RoundedTextView.h */,
				D1F488CF160CC06700CC1A07 /* RoundedTextView.m */,
				D1F488D2160CC16600CC1A07 /* RoundedTableView.h */,
				D1F488D3160CC16600CC1A07 /* RoundedTableView.m */,
				D1BC21FE164DDA220067EFF8 /* RoundedButton.h */,
				D1BC21FF164DDA220067EFF8 /* RoundedButton.m */,
			);
			name = UIComponents;
			sourceTree = "<group>";
		};
		D1CAA3DF15FD61B200549EF7 /* Connection */ = {
			isa = PBXGroup;
			children = (
				D1CAA24315FD21BF00549EF7 /* ConnectionDelegate.h */,
				D140E9BA16062AB200FDC2DA /* Server.h */,
				D140E9BB16062AB200FDC2DA /* Server.m */,
				D140E9BC16062AB200FDC2DA /* ServerDelegate.h */,
				D1CAA24015FD1F6D00549EF7 /* WifiConnection.h */,
				D1CAA24115FD1F6D00549EF7 /* WifiConnection.m */,
			);
			name = Connection;
			sourceTree = "<group>";
		};
		D1CAA3E015FD61C600549EF7 /* Game */ = {
			isa = PBXGroup;
			children = (
				D1D2BA721603C8AF008EE137 /* CrazyEights */,
				D1CAA3D015FD32E000549EF7 /* Card.h */,
				D1CAA3D115FD32E000549EF7 /* Card.m */,
				D1D2BA781603CDA0008EE137 /* PlayerController.h */,
				D1D2BA791603CDA0008EE137 /* PlayerController.m */,
				D1BC21F7164DC36D0067EFF8 /* Player.h */,
				D1BC21F8164DC36D0067EFF8 /* Player.m */,
				E6923E3B1653E55200D9CBC4 /* Deck.h */,
				E6923E3C1653E55200D9CBC4 /* Deck.m */,
				597A3A2816568AE200A42CD5 /* GameController.h */,
				597A3A2916568AE200A42CD5 /* GameController.m */,
			);
			name = Game;
			sourceTree = "<group>";
		};
		D1D2BA721603C8AF008EE137 /* CrazyEights */ = {
			isa = PBXGroup;
			children = (
				D1E09757164C96420089CB69 /* C8Constants.h */,
				D1D2BA751603C9A0008EE137 /* CrazyEightsPlayerController.h */,
				D1D2BA761603C9A0008EE137 /* CrazyEightsPlayerController.m */,
				D1A7A52A15FEA4EF00754BD9 /* CrazyEightsRules.h */,
				D1A7A52B15FEA4EF00754BD9 /* CrazyEightsRules.m */,
				E681BEF616505638004EE43C /* CrazyEightsTabletGame.h */,
				E681BEF716505638004EE43C /* CrazyEightsTabletGame.m */,
				597A3A2516568AD000A42CD5 /* CrazyEightsGameController.h */,
				597A3A2616568AD000A42CD5 /* CrazyEightsGameController.m */,
			);
			name = CrazyEights;
			sourceTree = "<group>";
		};
/* End PBXGroup section */

/* Begin PBXNativeTarget section */
		D186639B15F109BE0098E8AD /* CardGames */ = {
			isa = PBXNativeTarget;
			buildConfigurationList = D18663BD15F109BE0098E8AD /* Build configuration list for PBXNativeTarget "CardGames" */;
			buildPhases = (
				D186639815F109BE0098E8AD /* Sources */,
				D186639915F109BE0098E8AD /* Frameworks */,
				D186639A15F109BE0098E8AD /* Resources */,
			);
			buildRules = (
			);
			dependencies = (
			);
			name = CardGames;
			productName = CardGames;
			productReference = D186639C15F109BE0098E8AD /* CardGames.app */;
			productType = "com.apple.product-type.application";
		};
/* End PBXNativeTarget section */

/* Begin PBXProject section */
		D186639315F109BE0098E8AD /* Project object */ = {
			isa = PBXProject;
			attributes = {
				LastUpgradeCheck = 0440;
				ORGANIZATIONNAME = "Brian Reber";
			};
			buildConfigurationList = D186639615F109BE0098E8AD /* Build configuration list for PBXProject "CardGames" */;
			compatibilityVersion = "Xcode 3.2";
			developmentRegion = English;
			hasScannedForEncodings = 0;
			knownRegions = (
				en,
			);
			mainGroup = D186639115F109BE0098E8AD;
			productRefGroup = D186639D15F109BE0098E8AD /* Products */;
			projectDirPath = "";
			projectRoot = "";
			targets = (
				D186639B15F109BE0098E8AD /* CardGames */,
			);
		};
/* End PBXProject section */

/* Begin PBXResourcesBuildPhase section */
		D186639A15F109BE0098E8AD /* Resources */ = {
			isa = PBXResourcesBuildPhase;
			buildActionMask = 2147483647;
			files = (
				D18663AB15F109BE0098E8AD /* InfoPlist.strings in Resources */,
				D18663B415F109BE0098E8AD /* MainStoryboard_iPhone.storyboard in Resources */,
				D18663B715F109BE0098E8AD /* MainStoryboard_iPad.storyboard in Resources */,
				D1CAA35315FD265400549EF7 /* clubs_2.png in Resources */,
				D1CAA35415FD265400549EF7 /* clubs_3.png in Resources */,
				D1CAA35515FD265400549EF7 /* clubs_4.png in Resources */,
				D1CAA35615FD265400549EF7 /* clubs_5.png in Resources */,
				D1CAA35715FD265400549EF7 /* clubs_6.png in Resources */,
				D1CAA35815FD265400549EF7 /* clubs_7.png in Resources */,
				D1CAA35915FD265400549EF7 /* clubs_8.png in Resources */,
				D1CAA35A15FD265400549EF7 /* clubs_9.png in Resources */,
				D1CAA35B15FD265400549EF7 /* clubs_10.png in Resources */,
				D1CAA35C15FD265400549EF7 /* clubs_a.png in Resources */,
				D1CAA35D15FD265400549EF7 /* clubs_j.png in Resources */,
				D1CAA35E15FD265400549EF7 /* clubs_k.png in Resources */,
				D1CAA35F15FD265400549EF7 /* clubs_q.png in Resources */,
				D1CAA36015FD265400549EF7 /* diamonds_2.png in Resources */,
				D1CAA36115FD265400549EF7 /* diamonds_3.png in Resources */,
				D1CAA36215FD265400549EF7 /* diamonds_4.png in Resources */,
				D1CAA36315FD265400549EF7 /* diamonds_5.png in Resources */,
				D1CAA36415FD265400549EF7 /* diamonds_6.png in Resources */,
				D1CAA36515FD265400549EF7 /* diamonds_7.png in Resources */,
				D1CAA36615FD265400549EF7 /* diamonds_8.png in Resources */,
				D1CAA36715FD265400549EF7 /* diamonds_9.png in Resources */,
				D1CAA36815FD265400549EF7 /* diamonds_10.png in Resources */,
				D1CAA36915FD265400549EF7 /* diamonds_a.png in Resources */,
				D1CAA36A15FD265400549EF7 /* diamonds_j.png in Resources */,
				D1CAA36B15FD265400549EF7 /* diamonds_k.png in Resources */,
				D1CAA36C15FD265400549EF7 /* diamonds_q.png in Resources */,
				D1CAA36D15FD265400549EF7 /* hearts_2.png in Resources */,
				D1CAA36E15FD265400549EF7 /* hearts_3.png in Resources */,
				D1CAA36F15FD265400549EF7 /* hearts_4.png in Resources */,
				D1CAA37015FD265400549EF7 /* hearts_5.png in Resources */,
				D1CAA37115FD265400549EF7 /* hearts_6.png in Resources */,
				D1CAA37215FD265400549EF7 /* hearts_7.png in Resources */,
				D1CAA37315FD265400549EF7 /* hearts_8.png in Resources */,
				D1CAA37415FD265400549EF7 /* hearts_9.png in Resources */,
				D1CAA37515FD265400549EF7 /* hearts_10.png in Resources */,
				D1CAA37615FD265400549EF7 /* hearts_a.png in Resources */,
				D1CAA37715FD265400549EF7 /* hearts_j.png in Resources */,
				D1CAA37815FD265400549EF7 /* hearts_k.png in Resources */,
				D1CAA37915FD265400549EF7 /* hearts_q.png in Resources */,
				D1CAA37A15FD265400549EF7 /* joker_b.png in Resources */,
				D1CAA37B15FD265400549EF7 /* joker_r.png in Resources */,
				D1CAA37C15FD265400549EF7 /* spades_2.png in Resources */,
				D1CAA37D15FD265400549EF7 /* spades_3.png in Resources */,
				D1CAA37E15FD265400549EF7 /* spades_4.png in Resources */,
				D1CAA37F15FD265400549EF7 /* spades_5.png in Resources */,
				D1CAA38015FD265400549EF7 /* spades_6.png in Resources */,
				D1CAA38115FD265400549EF7 /* spades_7.png in Resources */,
				D1CAA38215FD265400549EF7 /* spades_8.png in Resources */,
				D1CAA38315FD265400549EF7 /* spades_9.png in Resources */,
				D1CAA38415FD265400549EF7 /* spades_10.png in Resources */,
				D1CAA38515FD265400549EF7 /* spades_a.png in Resources */,
				D1CAA38615FD265400549EF7 /* spades_j.png in Resources */,
				D1CAA38715FD265400549EF7 /* spades_k.png in Resources */,
				D1CAA38815FD265400549EF7 /* spades_q.png in Resources */,
				D1CAA38D15FD266C00549EF7 /* wooden_top.jpg in Resources */,
				D1CAA3EA15FD6F6800549EF7 /* icon-ipad-retina.png in Resources */,
				D1CAA3EB15FD6F6800549EF7 /* icon-ipad.png in Resources */,
				D1CAA3EC15FD6F6800549EF7 /* icon-retina.png in Resources */,
				D1CAA3ED15FD6F6800549EF7 /* icon.png in Resources */,
				D1A7A53115FEC9A400754BD9 /* clubsuitimage.png in Resources */,
				D1A7A53215FEC9A400754BD9 /* diamondsuitimage.png in Resources */,
				D1A7A53315FEC9A400754BD9 /* heartsuitimage.png in Resources */,
				D1A7A53415FEC9A400754BD9 /* spadesuitimage.png in Resources */,
				D11F4972160CB97B00F46EE4 /* Default-568h@2x.png in Resources */,
			);
			runOnlyForDeploymentPostprocessing = 0;
		};
/* End PBXResourcesBuildPhase section */

/* Begin PBXSourcesBuildPhase section */
		D186639815F109BE0098E8AD /* Sources */ = {
			isa = PBXSourcesBuildPhase;
			buildActionMask = 2147483647;
			files = (
				D18663AD15F109BE0098E8AD /* main.m in Sources */,
				D18663B115F109BE0098E8AD /* AppDelegate.m in Sources */,
				D18663BA15F109BE0098E8AD /* ViewController.m in Sources */,
				D1CAA23F15FD0D3300549EF7 /* PlayViewController.m in Sources */,
				D1CAA24215FD1F6D00549EF7 /* WifiConnection.m in Sources */,
				D1CAA3D215FD32E000549EF7 /* Card.m in Sources */,
				D1A7A52C15FEA4EF00754BD9 /* CrazyEightsRules.m in Sources */,
				D1A7A53715FECD6F00754BD9 /* ChooseSuitViewController.m in Sources */,
				D1A7A53A15FED05C00754BD9 /* GameResultViewController.m in Sources */,
				D1D2BA771603C9A0008EE137 /* CrazyEightsPlayerController.m in Sources */,
				D1D2BA7A1603CDA0008EE137 /* PlayerController.m in Sources */,
				D1DA26281604E4D100E32193 /* ConnectViewController.m in Sources */,
				D140E9A116056E6700FDC2DA /* PlayerConnectViewController.m in Sources */,
				D140E9BD16062AB200FDC2DA /* Server.m in Sources */,
				D1F488D0160CC06700CC1A07 /* RoundedTextView.m in Sources */,
				D1F488D4160CC16600CC1A07 /* RoundedTableView.m in Sources */,
				D129F74F164B51E9006FB0BD /* UIColor+CardGamesColor.m in Sources */,
				D1BC21F9164DC36D0067EFF8 /* Player.m in Sources */,
				D1BC2200164DDA230067EFF8 /* RoundedButton.m in Sources */,
				D1BC2203164DDA610067EFF8 /* UIView+Custom.m in Sources */,
				E681BEF816505638004EE43C /* CrazyEightsTabletGame.m in Sources */,
				E65B97C71652C609003C5559 /* SettingsViewController.m in Sources */,
				E6923E3D1653E55200D9CBC4 /* Deck.m in Sources */,
			);
			runOnlyForDeploymentPostprocessing = 0;
		};
/* End PBXSourcesBuildPhase section */

/* Begin PBXVariantGroup section */
		D18663A915F109BE0098E8AD /* InfoPlist.strings */ = {
			isa = PBXVariantGroup;
			children = (
				D18663AA15F109BE0098E8AD /* en */,
			);
			name = InfoPlist.strings;
			sourceTree = "<group>";
		};
		D18663B215F109BE0098E8AD /* MainStoryboard_iPhone.storyboard */ = {
			isa = PBXVariantGroup;
			children = (
				D18663B315F109BE0098E8AD /* en */,
			);
			name = MainStoryboard_iPhone.storyboard;
			sourceTree = "<group>";
		};
		D18663B515F109BE0098E8AD /* MainStoryboard_iPad.storyboard */ = {
			isa = PBXVariantGroup;
			children = (
				D18663B615F109BE0098E8AD /* en */,
			);
			name = MainStoryboard_iPad.storyboard;
			sourceTree = "<group>";
		};
/* End PBXVariantGroup section */

/* Begin XCBuildConfiguration section */
		D18663BB15F109BE0098E8AD /* Debug */ = {
			isa = XCBuildConfiguration;
			buildSettings = {
				ALWAYS_SEARCH_USER_PATHS = NO;
				ARCHS = "$(ARCHS_STANDARD_32_BIT)";
				CLANG_CXX_LANGUAGE_STANDARD = "gnu++0x";
				CLANG_ENABLE_OBJC_ARC = YES;
				CLANG_WARN__DUPLICATE_METHOD_MATCH = YES;
				"CODE_SIGN_IDENTITY[sdk=iphoneos*]" = "iPhone Developer";
				COPY_PHASE_STRIP = NO;
				GCC_C_LANGUAGE_STANDARD = gnu99;
				GCC_DYNAMIC_NO_PIC = NO;
				GCC_OPTIMIZATION_LEVEL = 0;
				GCC_PREPROCESSOR_DEFINITIONS = (
					"DEBUG=1",
					"$(inherited)",
				);
				GCC_SYMBOLS_PRIVATE_EXTERN = NO;
				GCC_VERSION = com.apple.compilers.llvm.clang.1_0;
				GCC_WARN_ABOUT_RETURN_TYPE = YES;
				GCC_WARN_UNINITIALIZED_AUTOS = YES;
				GCC_WARN_UNUSED_VARIABLE = YES;
				IPHONEOS_DEPLOYMENT_TARGET = 5.1;
				SDKROOT = iphoneos;
				TARGETED_DEVICE_FAMILY = "1,2";
			};
			name = Debug;
		};
		D18663BC15F109BE0098E8AD /* Release */ = {
			isa = XCBuildConfiguration;
			buildSettings = {
				ALWAYS_SEARCH_USER_PATHS = NO;
				ARCHS = "$(ARCHS_STANDARD_32_BIT)";
				CLANG_CXX_LANGUAGE_STANDARD = "gnu++0x";
				CLANG_ENABLE_OBJC_ARC = YES;
				CLANG_WARN__DUPLICATE_METHOD_MATCH = YES;
				"CODE_SIGN_IDENTITY[sdk=iphoneos*]" = "iPhone Developer";
				COPY_PHASE_STRIP = YES;
				GCC_C_LANGUAGE_STANDARD = gnu99;
				GCC_VERSION = com.apple.compilers.llvm.clang.1_0;
				GCC_WARN_ABOUT_RETURN_TYPE = YES;
				GCC_WARN_UNINITIALIZED_AUTOS = YES;
				GCC_WARN_UNUSED_VARIABLE = YES;
				IPHONEOS_DEPLOYMENT_TARGET = 5.1;
				OTHER_CFLAGS = "-DNS_BLOCK_ASSERTIONS=1";
				SDKROOT = iphoneos;
				TARGETED_DEVICE_FAMILY = "1,2";
				VALIDATE_PRODUCT = YES;
			};
			name = Release;
		};
		D18663BE15F109BE0098E8AD /* Debug */ = {
			isa = XCBuildConfiguration;
			buildSettings = {
				GCC_PRECOMPILE_PREFIX_HEADER = YES;
				GCC_PREFIX_HEADER = "CardGames/CardGames-Prefix.pch";
				INFOPLIST_FILE = "CardGames/CardGames-Info.plist";
				PRODUCT_NAME = "$(TARGET_NAME)";
				WRAPPER_EXTENSION = app;
			};
			name = Debug;
		};
		D18663BF15F109BE0098E8AD /* Release */ = {
			isa = XCBuildConfiguration;
			buildSettings = {
				GCC_PRECOMPILE_PREFIX_HEADER = YES;
				GCC_PREFIX_HEADER = "CardGames/CardGames-Prefix.pch";
				INFOPLIST_FILE = "CardGames/CardGames-Info.plist";
				PRODUCT_NAME = "$(TARGET_NAME)";
				WRAPPER_EXTENSION = app;
			};
			name = Release;
		};
/* End XCBuildConfiguration section */

/* Begin XCConfigurationList section */
		D186639615F109BE0098E8AD /* Build configuration list for PBXProject "CardGames" */ = {
			isa = XCConfigurationList;
			buildConfigurations = (
				D18663BB15F109BE0098E8AD /* Debug */,
				D18663BC15F109BE0098E8AD /* Release */,
			);
			defaultConfigurationIsVisible = 0;
			defaultConfigurationName = Release;
		};
		D18663BD15F109BE0098E8AD /* Build configuration list for PBXNativeTarget "CardGames" */ = {
			isa = XCConfigurationList;
			buildConfigurations = (
				D18663BE15F109BE0098E8AD /* Debug */,
				D18663BF15F109BE0098E8AD /* Release */,
			);
			defaultConfigurationIsVisible = 0;
			defaultConfigurationName = Release;
		};
/* End XCConfigurationList section */
	};
	rootObject = D186639315F109BE0098E8AD /* Project object */;
}
